// !$*UTF8*$!
{
	archiveVersion = 1;
	classes = {
	};
	objectVersion = 45;
	objects = {

/* Begin PBXBuildFile section */
		11DB9C33006ABE4C6F2A5309 /* Pods_LibreMonitor.framework in Frameworks */ = {isa = PBXBuildFile; fileRef = 57638DE5B016DAEE9465B711 /* Pods_LibreMonitor.framework */; };
		893350C03F171279469A31AA /* Pods_LibreMonitorUITests.framework in Frameworks */ = {isa = PBXBuildFile; fileRef = AE5600B0B30465042D9D06EB /* Pods_LibreMonitorUITests.framework */; };
		C60178961E3E7FE5008FCF3A /* BluetoothTestData.swift in Sources */ = {isa = PBXBuildFile; fileRef = C60178951E3E7FE5008FCF3A /* BluetoothTestData.swift */; };
		C6078B0F1EC76BE800FEE6F7 /* NotificationManager.swift in Sources */ = {isa = PBXBuildFile; fileRef = C6078B0E1EC76BE800FEE6F7 /* NotificationManager.swift */; };
		C61C296C1DB16C60009A5885 /* Main.storyboard in Resources */ = {isa = PBXBuildFile; fileRef = C61C296B1DB16C60009A5885 /* Main.storyboard */; };
		C61DA67D1EACA2CC00FEF4A1 /* BloodGlucoseEntryEditTableViewController.swift in Sources */ = {isa = PBXBuildFile; fileRef = C61DA67C1EACA2CC00FEF4A1 /* BloodGlucoseEntryEditTableViewController.swift */; };
		C61E5D4D207BF6250099157F /* LibreOOPClient.swift in Sources */ = {isa = PBXBuildFile; fileRef = C61E5D4A207BF6250099157F /* LibreOOPClient.swift */; };
		C61E5D4E207BF6250099157F /* LibreOOPResponse.swift in Sources */ = {isa = PBXBuildFile; fileRef = C61E5D4B207BF6250099157F /* LibreOOPResponse.swift */; };
		C61E5D4F207BF6250099157F /* LibreOOPWebExtensions.swift in Sources */ = {isa = PBXBuildFile; fileRef = C61E5D4C207BF6250099157F /* LibreOOPWebExtensions.swift */; };
		C65E6DA21E45070800A85E0E /* TransmissionTests.swift in Sources */ = {isa = PBXBuildFile; fileRef = C65E6DA11E45070800A85E0E /* TransmissionTests.swift */; };
		C6652F1E1DB1801D00237E7D /* crc8.m in Sources */ = {isa = PBXBuildFile; fileRef = C6652F1B1DB1801D00237E7D /* crc8.m */; };
		C6652F1F1DB1801D00237E7D /* libUBP.m in Sources */ = {isa = PBXBuildFile; fileRef = C6652F1D1DB1801D00237E7D /* libUBP.m */; };
		C665A8CF1F4AE5CE00F204B1 /* SettingsViewController.swift in Sources */ = {isa = PBXBuildFile; fileRef = C665A8CE1F4AE5CE00F204B1 /* SettingsViewController.swift */; };
		C66A495A1F40D7A70005DC78 /* NightscoutUploader.swift in Sources */ = {isa = PBXBuildFile; fileRef = C66A49591F40D7A70005DC78 /* NightscoutUploader.swift */; };
		C66A49671F40D7CB0005DC78 /* NSUserDefaults.swift in Sources */ = {isa = PBXBuildFile; fileRef = C66A495B1F40D7C90005DC78 /* NSUserDefaults.swift */; };
		C66A49681F40D7CB0005DC78 /* TimeFormat.swift in Sources */ = {isa = PBXBuildFile; fileRef = C66A495C1F40D7C90005DC78 /* TimeFormat.swift */; };
		C66A49691F40D7CB0005DC78 /* TimeInterval.swift in Sources */ = {isa = PBXBuildFile; fileRef = C66A495D1F40D7CA0005DC78 /* TimeInterval.swift */; };
		C66A496A1F40D7CB0005DC78 /* MessageBody.swift in Sources */ = {isa = PBXBuildFile; fileRef = C66A495E1F40D7CA0005DC78 /* MessageBody.swift */; };
		C66A496B1F40D7CB0005DC78 /* NightscoutEntry.swift in Sources */ = {isa = PBXBuildFile; fileRef = C66A495F1F40D7CA0005DC78 /* NightscoutEntry.swift */; };
		C66A496C1F40D7CB0005DC78 /* HKUnit.swift in Sources */ = {isa = PBXBuildFile; fileRef = C66A49601F40D7CA0005DC78 /* HKUnit.swift */; };
		C66A496D1F40D7CB0005DC78 /* Either.swift in Sources */ = {isa = PBXBuildFile; fileRef = C66A49611F40D7CA0005DC78 /* Either.swift */; };
		C66A496E1F40D7CB0005DC78 /* NSData+Conversion.m in Sources */ = {isa = PBXBuildFile; fileRef = C66A49621F40D7CA0005DC78 /* NSData+Conversion.m */; };
		C66A496F1F40D7CB0005DC78 /* NightscoutTreatment.swift in Sources */ = {isa = PBXBuildFile; fileRef = C66A49631F40D7CA0005DC78 /* NightscoutTreatment.swift */; };
		C66A49701F40D7CB0005DC78 /* Crypto.m in Sources */ = {isa = PBXBuildFile; fileRef = C66A49661F40D7CB0005DC78 /* Crypto.m */; };
		C66A497C1F4227860005DC78 /* NSDateFormatter.swift in Sources */ = {isa = PBXBuildFile; fileRef = C66A497B1F4227860005DC78 /* NSDateFormatter.swift */; };
		C6760962207175FC0056A5FF /* FreestyleLibreSensor.swift in Sources */ = {isa = PBXBuildFile; fileRef = C6760961207175FC0056A5FF /* FreestyleLibreSensor.swift */; };
		C6822D661DB13F2200D08393 /* AppDelegate.swift in Sources */ = {isa = PBXBuildFile; fileRef = C6822D651DB13F2200D08393 /* AppDelegate.swift */; };
		C6822D691DB13F2200D08393 /* LibreMonitor.xcdatamodeld in Sources */ = {isa = PBXBuildFile; fileRef = C6822D671DB13F2200D08393 /* LibreMonitor.xcdatamodeld */; };
		C6822D721DB13F2200D08393 /* Assets.xcassets in Resources */ = {isa = PBXBuildFile; fileRef = C6822D711DB13F2200D08393 /* Assets.xcassets */; };
		C6822D751DB13F2200D08393 /* LaunchScreen.storyboard in Resources */ = {isa = PBXBuildFile; fileRef = C6822D731DB13F2200D08393 /* LaunchScreen.storyboard */; };
		C6822D801DB13F2200D08393 /* LibreMonitorTests.swift in Sources */ = {isa = PBXBuildFile; fileRef = C6822D7F1DB13F2200D08393 /* LibreMonitorTests.swift */; };
		C6822D8B1DB13F2200D08393 /* LibreMonitorUITests.swift in Sources */ = {isa = PBXBuildFile; fileRef = C6822D8A1DB13F2200D08393 /* LibreMonitorUITests.swift */; };
		C6822DAA1DB1616300D08393 /* Data_types+Extensions.swift in Sources */ = {isa = PBXBuildFile; fileRef = C6822DA31DB1616300D08393 /* Data_types+Extensions.swift */; };
		C6822DAB1DB1616300D08393 /* NSData+CRC8.m in Sources */ = {isa = PBXBuildFile; fileRef = C6822DA51DB1616300D08393 /* NSData+CRC8.m */; };
		C6822DAC1DB1616300D08393 /* NSData+SLIP.m in Sources */ = {isa = PBXBuildFile; fileRef = C6822DA71DB1616300D08393 /* NSData+SLIP.m */; };
		C6822DAD1DB1616300D08393 /* SimbleeManager.swift in Sources */ = {isa = PBXBuildFile; fileRef = C6822DA81DB1616300D08393 /* SimbleeManager.swift */; };
		C6822DAE1DB1616300D08393 /* SLIPBuffer.swift in Sources */ = {isa = PBXBuildFile; fileRef = C6822DA91DB1616300D08393 /* SLIPBuffer.swift */; };
		C6822DB51DB1618400D08393 /* CRC.swift in Sources */ = {isa = PBXBuildFile; fileRef = C6822DB01DB1618400D08393 /* CRC.swift */; };
		C6822DB71DB1618400D08393 /* Measurement.swift in Sources */ = {isa = PBXBuildFile; fileRef = C6822DB21DB1618400D08393 /* Measurement.swift */; };
		C6822DB81DB1618400D08393 /* SensorData.swift in Sources */ = {isa = PBXBuildFile; fileRef = C6822DB31DB1618400D08393 /* SensorData.swift */; };
		C6822DB91DB1618400D08393 /* SensorState.swift in Sources */ = {isa = PBXBuildFile; fileRef = C6822DB41DB1618400D08393 /* SensorState.swift */; };
		C6822DBD1DB161AB00D08393 /* AdjustmentsTableViewController.swift in Sources */ = {isa = PBXBuildFile; fileRef = C6822DBB1DB161AB00D08393 /* AdjustmentsTableViewController.swift */; };
		C6822DBE1DB161AB00D08393 /* BloodSugarTableViewController.swift in Sources */ = {isa = PBXBuildFile; fileRef = C6822DBC1DB161AB00D08393 /* BloodSugarTableViewController.swift */; };
		C6822DC21DB161C700D08393 /* BloodSugarGraphView.swift in Sources */ = {isa = PBXBuildFile; fileRef = C6822DC01DB161C700D08393 /* BloodSugarGraphView.swift */; };
		C6822DC31DB161C700D08393 /* BloodSugarGraphViewTableViewCell.swift in Sources */ = {isa = PBXBuildFile; fileRef = C6822DC11DB161C700D08393 /* BloodSugarGraphViewTableViewCell.swift */; };
		C6822DC51DB161F900D08393 /* LibreMonitorTestSensorData.swift in Sources */ = {isa = PBXBuildFile; fileRef = C6822DC41DB161F900D08393 /* LibreMonitorTestSensorData.swift */; };
		C6822DD51DB1631D00D08393 /* BloodGlucose+CoreDataClass.swift in Sources */ = {isa = PBXBuildFile; fileRef = C6822DCB1DB1631D00D08393 /* BloodGlucose+CoreDataClass.swift */; };
		C6822DD61DB1631D00D08393 /* BloodGlucose+CoreDataProperties.swift in Sources */ = {isa = PBXBuildFile; fileRef = C6822DCC1DB1631D00D08393 /* BloodGlucose+CoreDataProperties.swift */; };
		C6822DD71DB1631D00D08393 /* Reader+CoreDataClass.swift in Sources */ = {isa = PBXBuildFile; fileRef = C6822DCD1DB1631D00D08393 /* Reader+CoreDataClass.swift */; };
		C6822DD81DB1631D00D08393 /* Reader+CoreDataProperties.swift in Sources */ = {isa = PBXBuildFile; fileRef = C6822DCE1DB1631D00D08393 /* Reader+CoreDataProperties.swift */; };
		C6822DD91DB1631D00D08393 /* Sensor+CoreDataClass.swift in Sources */ = {isa = PBXBuildFile; fileRef = C6822DCF1DB1631D00D08393 /* Sensor+CoreDataClass.swift */; };
		C6822DDA1DB1631D00D08393 /* Sensor+CoreDataProperties.swift in Sources */ = {isa = PBXBuildFile; fileRef = C6822DD01DB1631D00D08393 /* Sensor+CoreDataProperties.swift */; };
		C6822DDB1DB1631D00D08393 /* HeaderData+CoreDataClass.swift in Sources */ = {isa = PBXBuildFile; fileRef = C6822DD11DB1631D00D08393 /* HeaderData+CoreDataClass.swift */; };
		C6822DDC1DB1631D00D08393 /* HeaderData+CoreDataProperties.swift in Sources */ = {isa = PBXBuildFile; fileRef = C6822DD21DB1631D00D08393 /* HeaderData+CoreDataProperties.swift */; };
		C68AA7681EA7D52E0010C43C /* FetchedResultsTableViewController.swift in Sources */ = {isa = PBXBuildFile; fileRef = C68AA7671EA7D52E0010C43C /* FetchedResultsTableViewController.swift */; };
		C68AA76C1EA7D5AB0010C43C /* GlucoseCDTVC.swift in Sources */ = {isa = PBXBuildFile; fileRef = C68AA76B1EA7D5AB0010C43C /* GlucoseCDTVC.swift */; };
		C68AA76E1EA7D6910010C43C /* UITableViewDataSource+NSFetchedResultsController.swift in Sources */ = {isa = PBXBuildFile; fileRef = C68AA76D1EA7D6910010C43C /* UITableViewDataSource+NSFetchedResultsController.swift */; };
		C690FD4E1FC9FF4A003E1E99 /* iconDownDown60@2x.png in Resources */ = {isa = PBXBuildFile; fileRef = C690FD441FC9FF49003E1E99 /* iconDownDown60@2x.png */; };
		C690FD4F1FC9FF4A003E1E99 /* iconDownDown60@3x.png in Resources */ = {isa = PBXBuildFile; fileRef = C690FD451FC9FF49003E1E99 /* iconDownDown60@3x.png */; };
		C690FD501FC9FF4A003E1E99 /* iconUp60@3x.png in Resources */ = {isa = PBXBuildFile; fileRef = C690FD461FC9FF49003E1E99 /* iconUp60@3x.png */; };
		C690FD511FC9FF4A003E1E99 /* iconUp60@2x.png in Resources */ = {isa = PBXBuildFile; fileRef = C690FD471FC9FF49003E1E99 /* iconUp60@2x.png */; };
		C690FD521FC9FF4A003E1E99 /* iconDown60@2x.png in Resources */ = {isa = PBXBuildFile; fileRef = C690FD481FC9FF49003E1E99 /* iconDown60@2x.png */; };
		C690FD531FC9FF4A003E1E99 /* iconConstant60@2x.png in Resources */ = {isa = PBXBuildFile; fileRef = C690FD491FC9FF49003E1E99 /* iconConstant60@2x.png */; };
		C690FD541FC9FF4A003E1E99 /* iconUpUp60@2x.png in Resources */ = {isa = PBXBuildFile; fileRef = C690FD4A1FC9FF49003E1E99 /* iconUpUp60@2x.png */; };
		C690FD551FC9FF4A003E1E99 /* iconUpUp60@3x.png in Resources */ = {isa = PBXBuildFile; fileRef = C690FD4B1FC9FF49003E1E99 /* iconUpUp60@3x.png */; };
		C690FD561FC9FF4A003E1E99 /* iconConstant60@3x.png in Resources */ = {isa = PBXBuildFile; fileRef = C690FD4C1FC9FF49003E1E99 /* iconConstant60@3x.png */; };
		C690FD571FC9FF4A003E1E99 /* iconDown60@3x.png in Resources */ = {isa = PBXBuildFile; fileRef = C690FD4D1FC9FF49003E1E99 /* iconDown60@3x.png */; };
		C6B537B51EBF6852000456B3 /* constands+Extensions.swift in Sources */ = {isa = PBXBuildFile; fileRef = C6B537B41EBF6852000456B3 /* constands+Extensions.swift */; };
		C6CA13F52053EA9D0089C278 /* MiaoMiaoManager.swift in Sources */ = {isa = PBXBuildFile; fileRef = C6CA13F42053EA9D0089C278 /* MiaoMiaoManager.swift */; };
		C6CA13F7205EC40B0089C278 /* Data.swift in Sources */ = {isa = PBXBuildFile; fileRef = C6CA13F6205EC40B0089C278 /* Data.swift */; };
		C6DDBDBB1DC512410048D275 /* HealthKit.framework in Frameworks */ = {isa = PBXBuildFile; fileRef = C6DDBDBA1DC512410048D275 /* HealthKit.framework */; };
		FC5B8E789A910E25461ECD32 /* Pods_LibreMonitorTests.framework in Frameworks */ = {isa = PBXBuildFile; fileRef = AD5DD7BF6FCFC24A1CDF0C4B /* Pods_LibreMonitorTests.framework */; };
/* End PBXBuildFile section */

/* Begin PBXContainerItemProxy section */
		C6822D7C1DB13F2200D08393 /* PBXContainerItemProxy */ = {
			isa = PBXContainerItemProxy;
			containerPortal = C6822D5A1DB13F2200D08393 /* Project object */;
			proxyType = 1;
			remoteGlobalIDString = C6822D611DB13F2200D08393;
			remoteInfo = LibreMonitor;
		};
		C6822D871DB13F2200D08393 /* PBXContainerItemProxy */ = {
			isa = PBXContainerItemProxy;
			containerPortal = C6822D5A1DB13F2200D08393 /* Project object */;
			proxyType = 1;
			remoteGlobalIDString = C6822D611DB13F2200D08393;
			remoteInfo = LibreMonitor;
		};
/* End PBXContainerItemProxy section */

/* Begin PBXFileReference section */
		10E10B329FE1A294608335D3 /* Pods-LibreMonitorUITests.release.xcconfig */ = {isa = PBXFileReference; includeInIndex = 1; lastKnownFileType = text.xcconfig; name = "Pods-LibreMonitorUITests.release.xcconfig"; path = "Pods/Target Support Files/Pods-LibreMonitorUITests/Pods-LibreMonitorUITests.release.xcconfig"; sourceTree = "<group>"; };
		29B84802438A170516B70200 /* Pods-LibreMonitorUITests.debug.xcconfig */ = {isa = PBXFileReference; includeInIndex = 1; lastKnownFileType = text.xcconfig; name = "Pods-LibreMonitorUITests.debug.xcconfig"; path = "Pods/Target Support Files/Pods-LibreMonitorUITests/Pods-LibreMonitorUITests.debug.xcconfig"; sourceTree = "<group>"; };
		3699E067440DF4250D7C1B33 /* Pods-LibreMonitor.debug.xcconfig */ = {isa = PBXFileReference; includeInIndex = 1; lastKnownFileType = text.xcconfig; name = "Pods-LibreMonitor.debug.xcconfig"; path = "Pods/Target Support Files/Pods-LibreMonitor/Pods-LibreMonitor.debug.xcconfig"; sourceTree = "<group>"; };
		3DC219F91FAAC75C67C11638 /* Pods-LibreMonitorTests.release.xcconfig */ = {isa = PBXFileReference; includeInIndex = 1; lastKnownFileType = text.xcconfig; name = "Pods-LibreMonitorTests.release.xcconfig"; path = "Pods/Target Support Files/Pods-LibreMonitorTests/Pods-LibreMonitorTests.release.xcconfig"; sourceTree = "<group>"; };
		57638DE5B016DAEE9465B711 /* Pods_LibreMonitor.framework */ = {isa = PBXFileReference; explicitFileType = wrapper.framework; includeInIndex = 0; path = Pods_LibreMonitor.framework; sourceTree = BUILT_PRODUCTS_DIR; };
		64D47D0B0840C959EFFA9D80 /* Pods-LibreMonitor.release.xcconfig */ = {isa = PBXFileReference; includeInIndex = 1; lastKnownFileType = text.xcconfig; name = "Pods-LibreMonitor.release.xcconfig"; path = "Pods/Target Support Files/Pods-LibreMonitor/Pods-LibreMonitor.release.xcconfig"; sourceTree = "<group>"; };
		AD5DD7BF6FCFC24A1CDF0C4B /* Pods_LibreMonitorTests.framework */ = {isa = PBXFileReference; explicitFileType = wrapper.framework; includeInIndex = 0; path = Pods_LibreMonitorTests.framework; sourceTree = BUILT_PRODUCTS_DIR; };
		AE5600B0B30465042D9D06EB /* Pods_LibreMonitorUITests.framework */ = {isa = PBXFileReference; explicitFileType = wrapper.framework; includeInIndex = 0; path = Pods_LibreMonitorUITests.framework; sourceTree = BUILT_PRODUCTS_DIR; };
		C60178951E3E7FE5008FCF3A /* BluetoothTestData.swift */ = {isa = PBXFileReference; fileEncoding = 4; lastKnownFileType = sourcecode.swift; path = BluetoothTestData.swift; sourceTree = "<group>"; };
		C6078B0E1EC76BE800FEE6F7 /* NotificationManager.swift */ = {isa = PBXFileReference; fileEncoding = 4; lastKnownFileType = sourcecode.swift; path = NotificationManager.swift; sourceTree = "<group>"; };
		C61C296B1DB16C60009A5885 /* Main.storyboard */ = {isa = PBXFileReference; fileEncoding = 4; lastKnownFileType = file.storyboard; path = Main.storyboard; sourceTree = "<group>"; };
		C61DA67C1EACA2CC00FEF4A1 /* BloodGlucoseEntryEditTableViewController.swift */ = {isa = PBXFileReference; fileEncoding = 4; lastKnownFileType = sourcecode.swift; name = BloodGlucoseEntryEditTableViewController.swift; path = ViewControllers/BloodGlucoseEntryEditTableViewController.swift; sourceTree = "<group>"; };
		C61E5D4A207BF6250099157F /* LibreOOPClient.swift */ = {isa = PBXFileReference; fileEncoding = 4; lastKnownFileType = sourcecode.swift; path = LibreOOPClient.swift; sourceTree = "<group>"; };
		C61E5D4B207BF6250099157F /* LibreOOPResponse.swift */ = {isa = PBXFileReference; fileEncoding = 4; lastKnownFileType = sourcecode.swift; path = LibreOOPResponse.swift; sourceTree = "<group>"; };
		C61E5D4C207BF6250099157F /* LibreOOPWebExtensions.swift */ = {isa = PBXFileReference; fileEncoding = 4; lastKnownFileType = sourcecode.swift; path = LibreOOPWebExtensions.swift; sourceTree = "<group>"; };
		C65E6DA11E45070800A85E0E /* TransmissionTests.swift */ = {isa = PBXFileReference; fileEncoding = 4; lastKnownFileType = sourcecode.swift; path = TransmissionTests.swift; sourceTree = "<group>"; };
		C6652F1A1DB1801D00237E7D /* crc8.h */ = {isa = PBXFileReference; fileEncoding = 4; lastKnownFileType = sourcecode.c.h; name = crc8.h; path = SimbleeCode/crc8.h; sourceTree = "<group>"; };
		C6652F1B1DB1801D00237E7D /* crc8.m */ = {isa = PBXFileReference; fileEncoding = 4; lastKnownFileType = sourcecode.c.objc; name = crc8.m; path = SimbleeCode/crc8.m; sourceTree = "<group>"; };
		C6652F1C1DB1801D00237E7D /* libUBP.h */ = {isa = PBXFileReference; fileEncoding = 4; lastKnownFileType = sourcecode.c.h; name = libUBP.h; path = SimbleeCode/libUBP.h; sourceTree = "<group>"; };
		C6652F1D1DB1801D00237E7D /* libUBP.m */ = {isa = PBXFileReference; fileEncoding = 4; lastKnownFileType = sourcecode.c.objc; name = libUBP.m; path = SimbleeCode/libUBP.m; sourceTree = "<group>"; };
		C6652F201DB1812C00237E7D /* LibreMonitorTests-Bridging-Header.h */ = {isa = PBXFileReference; fileEncoding = 4; lastKnownFileType = sourcecode.c.h; path = "LibreMonitorTests-Bridging-Header.h"; sourceTree = "<group>"; };
		C6652F211DB181E900237E7D /* LibreMonitor-Bridging-Header.h */ = {isa = PBXFileReference; fileEncoding = 4; lastKnownFileType = sourcecode.c.h; path = "LibreMonitor-Bridging-Header.h"; sourceTree = "<group>"; };
		C665A8CE1F4AE5CE00F204B1 /* SettingsViewController.swift */ = {isa = PBXFileReference; lastKnownFileType = sourcecode.swift; name = SettingsViewController.swift; path = ViewControllers/SettingsViewController.swift; sourceTree = "<group>"; };
		C66A49591F40D7A70005DC78 /* NightscoutUploader.swift */ = {isa = PBXFileReference; fileEncoding = 4; lastKnownFileType = sourcecode.swift; path = NightscoutUploader.swift; sourceTree = "<group>"; };
		C66A495B1F40D7C90005DC78 /* NSUserDefaults.swift */ = {isa = PBXFileReference; fileEncoding = 4; lastKnownFileType = sourcecode.swift; path = NSUserDefaults.swift; sourceTree = "<group>"; };
		C66A495C1F40D7C90005DC78 /* TimeFormat.swift */ = {isa = PBXFileReference; fileEncoding = 4; lastKnownFileType = sourcecode.swift; path = TimeFormat.swift; sourceTree = "<group>"; };
		C66A495D1F40D7CA0005DC78 /* TimeInterval.swift */ = {isa = PBXFileReference; fileEncoding = 4; lastKnownFileType = sourcecode.swift; path = TimeInterval.swift; sourceTree = "<group>"; };
		C66A495E1F40D7CA0005DC78 /* MessageBody.swift */ = {isa = PBXFileReference; fileEncoding = 4; lastKnownFileType = sourcecode.swift; path = MessageBody.swift; sourceTree = "<group>"; };
		C66A495F1F40D7CA0005DC78 /* NightscoutEntry.swift */ = {isa = PBXFileReference; fileEncoding = 4; lastKnownFileType = sourcecode.swift; path = NightscoutEntry.swift; sourceTree = "<group>"; };
		C66A49601F40D7CA0005DC78 /* HKUnit.swift */ = {isa = PBXFileReference; fileEncoding = 4; lastKnownFileType = sourcecode.swift; path = HKUnit.swift; sourceTree = "<group>"; };
		C66A49611F40D7CA0005DC78 /* Either.swift */ = {isa = PBXFileReference; fileEncoding = 4; lastKnownFileType = sourcecode.swift; path = Either.swift; sourceTree = "<group>"; };
		C66A49621F40D7CA0005DC78 /* NSData+Conversion.m */ = {isa = PBXFileReference; fileEncoding = 4; lastKnownFileType = sourcecode.c.objc; path = "NSData+Conversion.m"; sourceTree = "<group>"; };
		C66A49631F40D7CA0005DC78 /* NightscoutTreatment.swift */ = {isa = PBXFileReference; fileEncoding = 4; lastKnownFileType = sourcecode.swift; path = NightscoutTreatment.swift; sourceTree = "<group>"; };
		C66A49641F40D7CA0005DC78 /* NSData+Conversion.h */ = {isa = PBXFileReference; fileEncoding = 4; lastKnownFileType = sourcecode.c.h; path = "NSData+Conversion.h"; sourceTree = "<group>"; };
		C66A49651F40D7CB0005DC78 /* Crypto.h */ = {isa = PBXFileReference; fileEncoding = 4; lastKnownFileType = sourcecode.c.h; path = Crypto.h; sourceTree = "<group>"; };
		C66A49661F40D7CB0005DC78 /* Crypto.m */ = {isa = PBXFileReference; fileEncoding = 4; lastKnownFileType = sourcecode.c.objc; path = Crypto.m; sourceTree = "<group>"; };
		C66A497B1F4227860005DC78 /* NSDateFormatter.swift */ = {isa = PBXFileReference; fileEncoding = 4; lastKnownFileType = sourcecode.swift; path = NSDateFormatter.swift; sourceTree = "<group>"; };
		C6760961207175FC0056A5FF /* FreestyleLibreSensor.swift */ = {isa = PBXFileReference; lastKnownFileType = sourcecode.swift; name = FreestyleLibreSensor.swift; path = Model/FreestyleLibreSensor.swift; sourceTree = "<group>"; };
		C6822D621DB13F2200D08393 /* LibreMonitor.app */ = {isa = PBXFileReference; explicitFileType = wrapper.application; includeInIndex = 0; path = LibreMonitor.app; sourceTree = BUILT_PRODUCTS_DIR; };
		C6822D651DB13F2200D08393 /* AppDelegate.swift */ = {isa = PBXFileReference; lastKnownFileType = sourcecode.swift; path = AppDelegate.swift; sourceTree = "<group>"; };
		C6822D681DB13F2200D08393 /* LibreMonitor.xcdatamodel */ = {isa = PBXFileReference; lastKnownFileType = wrapper.xcdatamodel; path = LibreMonitor.xcdatamodel; sourceTree = "<group>"; };
		C6822D711DB13F2200D08393 /* Assets.xcassets */ = {isa = PBXFileReference; lastKnownFileType = folder.assetcatalog; path = Assets.xcassets; sourceTree = "<group>"; };
		C6822D741DB13F2200D08393 /* Base */ = {isa = PBXFileReference; lastKnownFileType = file.storyboard; name = Base; path = Base.lproj/LaunchScreen.storyboard; sourceTree = "<group>"; };
		C6822D761DB13F2200D08393 /* Info.plist */ = {isa = PBXFileReference; lastKnownFileType = text.plist.xml; path = Info.plist; sourceTree = "<group>"; };
		C6822D7B1DB13F2200D08393 /* LibreMonitorTests.xctest */ = {isa = PBXFileReference; explicitFileType = wrapper.cfbundle; includeInIndex = 0; path = LibreMonitorTests.xctest; sourceTree = BUILT_PRODUCTS_DIR; };
		C6822D7F1DB13F2200D08393 /* LibreMonitorTests.swift */ = {isa = PBXFileReference; lastKnownFileType = sourcecode.swift; path = LibreMonitorTests.swift; sourceTree = "<group>"; };
		C6822D811DB13F2200D08393 /* Info.plist */ = {isa = PBXFileReference; lastKnownFileType = text.plist.xml; path = Info.plist; sourceTree = "<group>"; };
		C6822D861DB13F2200D08393 /* LibreMonitorUITests.xctest */ = {isa = PBXFileReference; explicitFileType = wrapper.cfbundle; includeInIndex = 0; path = LibreMonitorUITests.xctest; sourceTree = BUILT_PRODUCTS_DIR; };
		C6822D8A1DB13F2200D08393 /* LibreMonitorUITests.swift */ = {isa = PBXFileReference; lastKnownFileType = sourcecode.swift; path = LibreMonitorUITests.swift; sourceTree = "<group>"; };
		C6822D8C1DB13F2200D08393 /* Info.plist */ = {isa = PBXFileReference; lastKnownFileType = text.plist.xml; path = Info.plist; sourceTree = "<group>"; };
		C6822DA11DB1616300D08393 /* constants.h */ = {isa = PBXFileReference; fileEncoding = 4; lastKnownFileType = sourcecode.c.h; name = constants.h; path = Bluetooth/constants.h; sourceTree = "<group>"; };
		C6822DA21DB1616300D08393 /* data_types.h */ = {isa = PBXFileReference; fileEncoding = 4; lastKnownFileType = sourcecode.c.h; name = data_types.h; path = Bluetooth/data_types.h; sourceTree = "<group>"; };
		C6822DA31DB1616300D08393 /* Data_types+Extensions.swift */ = {isa = PBXFileReference; fileEncoding = 4; lastKnownFileType = sourcecode.swift; name = "Data_types+Extensions.swift"; path = "Bluetooth/Data_types+Extensions.swift"; sourceTree = "<group>"; };
		C6822DA41DB1616300D08393 /* NSData+CRC8.h */ = {isa = PBXFileReference; fileEncoding = 4; lastKnownFileType = sourcecode.c.h; name = "NSData+CRC8.h"; path = "Bluetooth/NSData+CRC8.h"; sourceTree = "<group>"; };
		C6822DA51DB1616300D08393 /* NSData+CRC8.m */ = {isa = PBXFileReference; fileEncoding = 4; lastKnownFileType = sourcecode.c.objc; name = "NSData+CRC8.m"; path = "Bluetooth/NSData+CRC8.m"; sourceTree = "<group>"; };
		C6822DA61DB1616300D08393 /* NSData+SLIP.h */ = {isa = PBXFileReference; fileEncoding = 4; lastKnownFileType = sourcecode.c.h; name = "NSData+SLIP.h"; path = "Bluetooth/NSData+SLIP.h"; sourceTree = "<group>"; };
		C6822DA71DB1616300D08393 /* NSData+SLIP.m */ = {isa = PBXFileReference; fileEncoding = 4; lastKnownFileType = sourcecode.c.objc; name = "NSData+SLIP.m"; path = "Bluetooth/NSData+SLIP.m"; sourceTree = "<group>"; };
		C6822DA81DB1616300D08393 /* SimbleeManager.swift */ = {isa = PBXFileReference; fileEncoding = 4; lastKnownFileType = sourcecode.swift; name = SimbleeManager.swift; path = Bluetooth/SimbleeManager.swift; sourceTree = "<group>"; };
		C6822DA91DB1616300D08393 /* SLIPBuffer.swift */ = {isa = PBXFileReference; fileEncoding = 4; lastKnownFileType = sourcecode.swift; name = SLIPBuffer.swift; path = Bluetooth/SLIPBuffer.swift; sourceTree = "<group>"; };
		C6822DB01DB1618400D08393 /* CRC.swift */ = {isa = PBXFileReference; fileEncoding = 4; lastKnownFileType = sourcecode.swift; name = CRC.swift; path = Model/CRC.swift; sourceTree = "<group>"; };
		C6822DB21DB1618400D08393 /* Measurement.swift */ = {isa = PBXFileReference; fileEncoding = 4; lastKnownFileType = sourcecode.swift; name = Measurement.swift; path = Model/Measurement.swift; sourceTree = "<group>"; };
		C6822DB31DB1618400D08393 /* SensorData.swift */ = {isa = PBXFileReference; fileEncoding = 4; lastKnownFileType = sourcecode.swift; name = SensorData.swift; path = Model/SensorData.swift; sourceTree = "<group>"; };
		C6822DB41DB1618400D08393 /* SensorState.swift */ = {isa = PBXFileReference; fileEncoding = 4; lastKnownFileType = sourcecode.swift; name = SensorState.swift; path = Model/SensorState.swift; sourceTree = "<group>"; };
		C6822DBB1DB161AB00D08393 /* AdjustmentsTableViewController.swift */ = {isa = PBXFileReference; fileEncoding = 4; lastKnownFileType = sourcecode.swift; name = AdjustmentsTableViewController.swift; path = ViewControllers/AdjustmentsTableViewController.swift; sourceTree = "<group>"; };
		C6822DBC1DB161AB00D08393 /* BloodSugarTableViewController.swift */ = {isa = PBXFileReference; fileEncoding = 4; lastKnownFileType = sourcecode.swift; name = BloodSugarTableViewController.swift; path = ViewControllers/BloodSugarTableViewController.swift; sourceTree = "<group>"; };
		C6822DC01DB161C700D08393 /* BloodSugarGraphView.swift */ = {isa = PBXFileReference; fileEncoding = 4; lastKnownFileType = sourcecode.swift; name = BloodSugarGraphView.swift; path = Views/BloodSugarGraphView.swift; sourceTree = "<group>"; };
		C6822DC11DB161C700D08393 /* BloodSugarGraphViewTableViewCell.swift */ = {isa = PBXFileReference; fileEncoding = 4; lastKnownFileType = sourcecode.swift; name = BloodSugarGraphViewTableViewCell.swift; path = Views/BloodSugarGraphViewTableViewCell.swift; sourceTree = "<group>"; };
		C6822DC41DB161F900D08393 /* LibreMonitorTestSensorData.swift */ = {isa = PBXFileReference; fileEncoding = 4; lastKnownFileType = sourcecode.swift; path = LibreMonitorTestSensorData.swift; sourceTree = "<group>"; };
		C6822DCB1DB1631D00D08393 /* BloodGlucose+CoreDataClass.swift */ = {isa = PBXFileReference; fileEncoding = 4; lastKnownFileType = sourcecode.swift; path = "BloodGlucose+CoreDataClass.swift"; sourceTree = "<group>"; };
		C6822DCC1DB1631D00D08393 /* BloodGlucose+CoreDataProperties.swift */ = {isa = PBXFileReference; fileEncoding = 4; lastKnownFileType = sourcecode.swift; path = "BloodGlucose+CoreDataProperties.swift"; sourceTree = "<group>"; };
		C6822DCD1DB1631D00D08393 /* Reader+CoreDataClass.swift */ = {isa = PBXFileReference; fileEncoding = 4; lastKnownFileType = sourcecode.swift; path = "Reader+CoreDataClass.swift"; sourceTree = "<group>"; };
		C6822DCE1DB1631D00D08393 /* Reader+CoreDataProperties.swift */ = {isa = PBXFileReference; fileEncoding = 4; lastKnownFileType = sourcecode.swift; path = "Reader+CoreDataProperties.swift"; sourceTree = "<group>"; };
		C6822DCF1DB1631D00D08393 /* Sensor+CoreDataClass.swift */ = {isa = PBXFileReference; fileEncoding = 4; lastKnownFileType = sourcecode.swift; path = "Sensor+CoreDataClass.swift"; sourceTree = "<group>"; };
		C6822DD01DB1631D00D08393 /* Sensor+CoreDataProperties.swift */ = {isa = PBXFileReference; fileEncoding = 4; lastKnownFileType = sourcecode.swift; path = "Sensor+CoreDataProperties.swift"; sourceTree = "<group>"; };
		C6822DD11DB1631D00D08393 /* HeaderData+CoreDataClass.swift */ = {isa = PBXFileReference; fileEncoding = 4; lastKnownFileType = sourcecode.swift; path = "HeaderData+CoreDataClass.swift"; sourceTree = "<group>"; };
		C6822DD21DB1631D00D08393 /* HeaderData+CoreDataProperties.swift */ = {isa = PBXFileReference; fileEncoding = 4; lastKnownFileType = sourcecode.swift; path = "HeaderData+CoreDataProperties.swift"; sourceTree = "<group>"; };
		C68AA7671EA7D52E0010C43C /* FetchedResultsTableViewController.swift */ = {isa = PBXFileReference; fileEncoding = 4; lastKnownFileType = sourcecode.swift; name = FetchedResultsTableViewController.swift; path = ViewControllers/FetchedResultsTableViewController.swift; sourceTree = "<group>"; };
		C68AA76B1EA7D5AB0010C43C /* GlucoseCDTVC.swift */ = {isa = PBXFileReference; fileEncoding = 4; lastKnownFileType = sourcecode.swift; path = GlucoseCDTVC.swift; sourceTree = "<group>"; };
		C68AA76D1EA7D6910010C43C /* UITableViewDataSource+NSFetchedResultsController.swift */ = {isa = PBXFileReference; fileEncoding = 4; lastKnownFileType = sourcecode.swift; name = "UITableViewDataSource+NSFetchedResultsController.swift"; path = "ViewControllers/UITableViewDataSource+NSFetchedResultsController.swift"; sourceTree = "<group>"; };
		C690FD441FC9FF49003E1E99 /* iconDownDown60@2x.png */ = {isa = PBXFileReference; lastKnownFileType = image.png; path = "iconDownDown60@2x.png"; sourceTree = "<group>"; };
		C690FD451FC9FF49003E1E99 /* iconDownDown60@3x.png */ = {isa = PBXFileReference; lastKnownFileType = image.png; path = "iconDownDown60@3x.png"; sourceTree = "<group>"; };
		C690FD461FC9FF49003E1E99 /* iconUp60@3x.png */ = {isa = PBXFileReference; lastKnownFileType = image.png; path = "iconUp60@3x.png"; sourceTree = "<group>"; };
		C690FD471FC9FF49003E1E99 /* iconUp60@2x.png */ = {isa = PBXFileReference; lastKnownFileType = image.png; path = "iconUp60@2x.png"; sourceTree = "<group>"; };
		C690FD481FC9FF49003E1E99 /* iconDown60@2x.png */ = {isa = PBXFileReference; lastKnownFileType = image.png; path = "iconDown60@2x.png"; sourceTree = "<group>"; };
		C690FD491FC9FF49003E1E99 /* iconConstant60@2x.png */ = {isa = PBXFileReference; lastKnownFileType = image.png; path = "iconConstant60@2x.png"; sourceTree = "<group>"; };
		C690FD4A1FC9FF49003E1E99 /* iconUpUp60@2x.png */ = {isa = PBXFileReference; lastKnownFileType = image.png; path = "iconUpUp60@2x.png"; sourceTree = "<group>"; };
		C690FD4B1FC9FF49003E1E99 /* iconUpUp60@3x.png */ = {isa = PBXFileReference; lastKnownFileType = image.png; path = "iconUpUp60@3x.png"; sourceTree = "<group>"; };
		C690FD4C1FC9FF49003E1E99 /* iconConstant60@3x.png */ = {isa = PBXFileReference; lastKnownFileType = image.png; path = "iconConstant60@3x.png"; sourceTree = "<group>"; };
		C690FD4D1FC9FF49003E1E99 /* iconDown60@3x.png */ = {isa = PBXFileReference; lastKnownFileType = image.png; path = "iconDown60@3x.png"; sourceTree = "<group>"; };
		C6B537B41EBF6852000456B3 /* constands+Extensions.swift */ = {isa = PBXFileReference; fileEncoding = 4; lastKnownFileType = sourcecode.swift; name = "constands+Extensions.swift"; path = "Bluetooth/constands+Extensions.swift"; sourceTree = "<group>"; };
		C6CA13F42053EA9D0089C278 /* MiaoMiaoManager.swift */ = {isa = PBXFileReference; lastKnownFileType = sourcecode.swift; name = MiaoMiaoManager.swift; path = Bluetooth/MiaoMiaoManager.swift; sourceTree = "<group>"; };
		C6CA13F6205EC40B0089C278 /* Data.swift */ = {isa = PBXFileReference; lastKnownFileType = sourcecode.swift; path = Data.swift; sourceTree = "<group>"; };
		C6DDBDBA1DC512410048D275 /* HealthKit.framework */ = {isa = PBXFileReference; lastKnownFileType = wrapper.framework; name = HealthKit.framework; path = System/Library/Frameworks/HealthKit.framework; sourceTree = SDKROOT; };
		C6DDBDBC1DC512420048D275 /* LibreMonitor.entitlements */ = {isa = PBXFileReference; lastKnownFileType = text.plist.entitlements; path = LibreMonitor.entitlements; sourceTree = "<group>"; };
		F3D7B42C79827E18F3D9735C /* Pods-LibreMonitorTests.debug.xcconfig */ = {isa = PBXFileReference; includeInIndex = 1; lastKnownFileType = text.xcconfig; name = "Pods-LibreMonitorTests.debug.xcconfig"; path = "Pods/Target Support Files/Pods-LibreMonitorTests/Pods-LibreMonitorTests.debug.xcconfig"; sourceTree = "<group>"; };
/* End PBXFileReference section */

/* Begin PBXFrameworksBuildPhase section */
		C6822D5F1DB13F2200D08393 /* Frameworks */ = {
			isa = PBXFrameworksBuildPhase;
			buildActionMask = 2147483647;
			files = (
				C6DDBDBB1DC512410048D275 /* HealthKit.framework in Frameworks */,
				11DB9C33006ABE4C6F2A5309 /* Pods_LibreMonitor.framework in Frameworks */,
			);
			runOnlyForDeploymentPostprocessing = 0;
		};
		C6822D781DB13F2200D08393 /* Frameworks */ = {
			isa = PBXFrameworksBuildPhase;
			buildActionMask = 2147483647;
			files = (
				FC5B8E789A910E25461ECD32 /* Pods_LibreMonitorTests.framework in Frameworks */,
			);
			runOnlyForDeploymentPostprocessing = 0;
		};
		C6822D831DB13F2200D08393 /* Frameworks */ = {
			isa = PBXFrameworksBuildPhase;
			buildActionMask = 2147483647;
			files = (
				893350C03F171279469A31AA /* Pods_LibreMonitorUITests.framework in Frameworks */,
			);
			runOnlyForDeploymentPostprocessing = 0;
		};
/* End PBXFrameworksBuildPhase section */

/* Begin PBXGroup section */
		28EB0B9573ABD5787682CFEA /* Pods */ = {
			isa = PBXGroup;
			children = (
				3699E067440DF4250D7C1B33 /* Pods-LibreMonitor.debug.xcconfig */,
				64D47D0B0840C959EFFA9D80 /* Pods-LibreMonitor.release.xcconfig */,
				F3D7B42C79827E18F3D9735C /* Pods-LibreMonitorTests.debug.xcconfig */,
				3DC219F91FAAC75C67C11638 /* Pods-LibreMonitorTests.release.xcconfig */,
				29B84802438A170516B70200 /* Pods-LibreMonitorUITests.debug.xcconfig */,
				10E10B329FE1A294608335D3 /* Pods-LibreMonitorUITests.release.xcconfig */,
			);
			name = Pods;
			sourceTree = "<group>";
		};
		C12F12DE60464196E06F6804 /* Frameworks */ = {
			isa = PBXGroup;
			children = (
				C6DDBDBA1DC512410048D275 /* HealthKit.framework */,
				57638DE5B016DAEE9465B711 /* Pods_LibreMonitor.framework */,
				AD5DD7BF6FCFC24A1CDF0C4B /* Pods_LibreMonitorTests.framework */,
				AE5600B0B30465042D9D06EB /* Pods_LibreMonitorUITests.framework */,
			);
			name = Frameworks;
			sourceTree = "<group>";
		};
		C6078B091EC7575600FEE6F7 /* Managers */ = {
			isa = PBXGroup;
			children = (
				C61E5D4A207BF6250099157F /* LibreOOPClient.swift */,
				C61E5D4B207BF6250099157F /* LibreOOPResponse.swift */,
				C61E5D4C207BF6250099157F /* LibreOOPWebExtensions.swift */,
				C6078B0E1EC76BE800FEE6F7 /* NotificationManager.swift */,
			);
			path = Managers;
			sourceTree = "<group>";
		};
		C6652F121DB17FC100237E7D /* SimbleeCode */ = {
			isa = PBXGroup;
			children = (
				C6652F1A1DB1801D00237E7D /* crc8.h */,
				C6652F1B1DB1801D00237E7D /* crc8.m */,
				C6652F1C1DB1801D00237E7D /* libUBP.h */,
				C6652F1D1DB1801D00237E7D /* libUBP.m */,
			);
			name = SimbleeCode;
			sourceTree = "<group>";
		};
		C66A49491F40CBAB0005DC78 /* NightscoutUploader */ = {
			isa = PBXGroup;
			children = (
				C66A497B1F4227860005DC78 /* NSDateFormatter.swift */,
				C66A49651F40D7CB0005DC78 /* Crypto.h */,
				C66A49661F40D7CB0005DC78 /* Crypto.m */,
				C66A49611F40D7CA0005DC78 /* Either.swift */,
				C66A495E1F40D7CA0005DC78 /* MessageBody.swift */,
				C66A495F1F40D7CA0005DC78 /* NightscoutEntry.swift */,
				C66A49631F40D7CA0005DC78 /* NightscoutTreatment.swift */,
				C66A49641F40D7CA0005DC78 /* NSData+Conversion.h */,
				C66A49621F40D7CA0005DC78 /* NSData+Conversion.m */,
				C66A495B1F40D7C90005DC78 /* NSUserDefaults.swift */,
				C66A495C1F40D7C90005DC78 /* TimeFormat.swift */,
				C66A495D1F40D7CA0005DC78 /* TimeInterval.swift */,
				C66A49591F40D7A70005DC78 /* NightscoutUploader.swift */,
			);
			path = NightscoutUploader;
			sourceTree = "<group>";
		};
		C678CCF11F53F84800AD3153 /* Extensions */ = {
			isa = PBXGroup;
			children = (
				C6CA13F6205EC40B0089C278 /* Data.swift */,
				C66A49601F40D7CA0005DC78 /* HKUnit.swift */,
			);
			path = Extensions;
			sourceTree = "<group>";
		};
		C6822D591DB13F2200D08393 = {
			isa = PBXGroup;
			children = (
				C6822D641DB13F2200D08393 /* LibreMonitor */,
				C6822D7E1DB13F2200D08393 /* LibreMonitorTests */,
				C6822D891DB13F2200D08393 /* LibreMonitorUITests */,
				C6822D631DB13F2200D08393 /* Products */,
				C12F12DE60464196E06F6804 /* Frameworks */,
				28EB0B9573ABD5787682CFEA /* Pods */,
			);
			sourceTree = "<group>";
		};
		C6822D631DB13F2200D08393 /* Products */ = {
			isa = PBXGroup;
			children = (
				C6822D621DB13F2200D08393 /* LibreMonitor.app */,
				C6822D7B1DB13F2200D08393 /* LibreMonitorTests.xctest */,
				C6822D861DB13F2200D08393 /* LibreMonitorUITests.xctest */,
			);
			name = Products;
			sourceTree = "<group>";
		};
		C6822D641DB13F2200D08393 /* LibreMonitor */ = {
			isa = PBXGroup;
			children = (
				C690FD211FC9EFF5003E1E99 /* Alternative Icons */,
				C678CCF11F53F84800AD3153 /* Extensions */,
				C66A49491F40CBAB0005DC78 /* NightscoutUploader */,
				C6078B091EC7575600FEE6F7 /* Managers */,
				C6DDBDBC1DC512420048D275 /* LibreMonitor.entitlements */,
				C6822DC61DB162D600D08393 /* ModelCoreData */,
				C6822DBF1DB161B300D08393 /* Views */,
				C6822DBA1DB1619100D08393 /* ViewControllers */,
				C6822DAF1DB1617400D08393 /* Model */,
				C6822DA01DB1614C00D08393 /* Bluetooth */,
				C6822D651DB13F2200D08393 /* AppDelegate.swift */,
				C61C296B1DB16C60009A5885 /* Main.storyboard */,
				C6822D711DB13F2200D08393 /* Assets.xcassets */,
				C6822D731DB13F2200D08393 /* LaunchScreen.storyboard */,
				C6822D761DB13F2200D08393 /* Info.plist */,
				C6822D671DB13F2200D08393 /* LibreMonitor.xcdatamodeld */,
				C6652F211DB181E900237E7D /* LibreMonitor-Bridging-Header.h */,
			);
			path = LibreMonitor;
			sourceTree = "<group>";
		};
		C6822D7E1DB13F2200D08393 /* LibreMonitorTests */ = {
			isa = PBXGroup;
			children = (
				C60178951E3E7FE5008FCF3A /* BluetoothTestData.swift */,
				C6822D7F1DB13F2200D08393 /* LibreMonitorTests.swift */,
				C6822DC41DB161F900D08393 /* LibreMonitorTestSensorData.swift */,
				C65E6DA11E45070800A85E0E /* TransmissionTests.swift */,
				C6652F121DB17FC100237E7D /* SimbleeCode */,
				C6652F201DB1812C00237E7D /* LibreMonitorTests-Bridging-Header.h */,
				C6822D811DB13F2200D08393 /* Info.plist */,
			);
			path = LibreMonitorTests;
			sourceTree = "<group>";
		};
		C6822D891DB13F2200D08393 /* LibreMonitorUITests */ = {
			isa = PBXGroup;
			children = (
				C6822D8A1DB13F2200D08393 /* LibreMonitorUITests.swift */,
				C6822D8C1DB13F2200D08393 /* Info.plist */,
			);
			path = LibreMonitorUITests;
			sourceTree = "<group>";
		};
		C6822DA01DB1614C00D08393 /* Bluetooth */ = {
			isa = PBXGroup;
			children = (
				C6822DA11DB1616300D08393 /* constants.h */,
				C6B537B41EBF6852000456B3 /* constands+Extensions.swift */,
				C6822DA21DB1616300D08393 /* data_types.h */,
				C6822DA31DB1616300D08393 /* Data_types+Extensions.swift */,
				C6822DA41DB1616300D08393 /* NSData+CRC8.h */,
				C6822DA51DB1616300D08393 /* NSData+CRC8.m */,
				C6822DA61DB1616300D08393 /* NSData+SLIP.h */,
				C6822DA71DB1616300D08393 /* NSData+SLIP.m */,
				C6822DA81DB1616300D08393 /* SimbleeManager.swift */,
				C6CA13F42053EA9D0089C278 /* MiaoMiaoManager.swift */,
				C6822DA91DB1616300D08393 /* SLIPBuffer.swift */,
			);
			name = Bluetooth;
			sourceTree = "<group>";
		};
		C6822DAF1DB1617400D08393 /* Model */ = {
			isa = PBXGroup;
			children = (
				C6822DB01DB1618400D08393 /* CRC.swift */,
				C6760961207175FC0056A5FF /* FreestyleLibreSensor.swift */,
				C6822DB21DB1618400D08393 /* Measurement.swift */,
				C6822DB31DB1618400D08393 /* SensorData.swift */,
				C6822DB41DB1618400D08393 /* SensorState.swift */,
			);
			name = Model;
			sourceTree = "<group>";
		};
		C6822DBA1DB1619100D08393 /* ViewControllers */ = {
			isa = PBXGroup;
			children = (
				C665A8CE1F4AE5CE00F204B1 /* SettingsViewController.swift */,
				C68AA76B1EA7D5AB0010C43C /* GlucoseCDTVC.swift */,
				C61DA67C1EACA2CC00FEF4A1 /* BloodGlucoseEntryEditTableViewController.swift */,
				C68AA7671EA7D52E0010C43C /* FetchedResultsTableViewController.swift */,
				C6822DBB1DB161AB00D08393 /* AdjustmentsTableViewController.swift */,
				C6822DBC1DB161AB00D08393 /* BloodSugarTableViewController.swift */,
				C68AA76D1EA7D6910010C43C /* UITableViewDataSource+NSFetchedResultsController.swift */,
			);
			name = ViewControllers;
			sourceTree = "<group>";
		};
		C6822DBF1DB161B300D08393 /* Views */ = {
			isa = PBXGroup;
			children = (
				C6822DC01DB161C700D08393 /* BloodSugarGraphView.swift */,
				C6822DC11DB161C700D08393 /* BloodSugarGraphViewTableViewCell.swift */,
			);
			name = Views;
			sourceTree = "<group>";
		};
		C6822DC61DB162D600D08393 /* ModelCoreData */ = {
			isa = PBXGroup;
			children = (
				C6822DCB1DB1631D00D08393 /* BloodGlucose+CoreDataClass.swift */,
				C6822DCC1DB1631D00D08393 /* BloodGlucose+CoreDataProperties.swift */,
				C6822DCD1DB1631D00D08393 /* Reader+CoreDataClass.swift */,
				C6822DCE1DB1631D00D08393 /* Reader+CoreDataProperties.swift */,
				C6822DCF1DB1631D00D08393 /* Sensor+CoreDataClass.swift */,
				C6822DD01DB1631D00D08393 /* Sensor+CoreDataProperties.swift */,
				C6822DD11DB1631D00D08393 /* HeaderData+CoreDataClass.swift */,
				C6822DD21DB1631D00D08393 /* HeaderData+CoreDataProperties.swift */,
			);
			name = ModelCoreData;
			sourceTree = "<group>";
		};
		C690FD211FC9EFF5003E1E99 /* Alternative Icons */ = {
			isa = PBXGroup;
			children = (
				C690FD491FC9FF49003E1E99 /* iconConstant60@2x.png */,
				C690FD4C1FC9FF49003E1E99 /* iconConstant60@3x.png */,
				C690FD481FC9FF49003E1E99 /* iconDown60@2x.png */,
				C690FD4D1FC9FF49003E1E99 /* iconDown60@3x.png */,
				C690FD441FC9FF49003E1E99 /* iconDownDown60@2x.png */,
				C690FD451FC9FF49003E1E99 /* iconDownDown60@3x.png */,
				C690FD471FC9FF49003E1E99 /* iconUp60@2x.png */,
				C690FD461FC9FF49003E1E99 /* iconUp60@3x.png */,
				C690FD4A1FC9FF49003E1E99 /* iconUpUp60@2x.png */,
				C690FD4B1FC9FF49003E1E99 /* iconUpUp60@3x.png */,
			);
			path = "Alternative Icons";
			sourceTree = "<group>";
		};
/* End PBXGroup section */

/* Begin PBXNativeTarget section */
		C6822D611DB13F2200D08393 /* LibreMonitor */ = {
			isa = PBXNativeTarget;
			buildConfigurationList = C6822D8F1DB13F2200D08393 /* Build configuration list for PBXNativeTarget "LibreMonitor" */;
			buildPhases = (
				2301DD43CCE3E5407D9EA8AD /* [CP] Check Pods Manifest.lock */,
				C6822D5E1DB13F2200D08393 /* Sources */,
				C6822D5F1DB13F2200D08393 /* Frameworks */,
				C6822D601DB13F2200D08393 /* Resources */,
				1D3518DA5221E7F3EABA7C15 /* [CP] Embed Pods Frameworks */,
			);
			buildRules = (
			);
			dependencies = (
			);
			name = LibreMonitor;
			productName = LibreMonitor;
			productReference = C6822D621DB13F2200D08393 /* LibreMonitor.app */;
			productType = "com.apple.product-type.application";
		};
		C6822D7A1DB13F2200D08393 /* LibreMonitorTests */ = {
			isa = PBXNativeTarget;
			buildConfigurationList = C6822D921DB13F2200D08393 /* Build configuration list for PBXNativeTarget "LibreMonitorTests" */;
			buildPhases = (
				11AB4B4F77C6C42D94E9DF51 /* [CP] Check Pods Manifest.lock */,
				C6822D771DB13F2200D08393 /* Sources */,
				C6822D781DB13F2200D08393 /* Frameworks */,
				C6822D791DB13F2200D08393 /* Resources */,
			);
			buildRules = (
			);
			dependencies = (
				C6822D7D1DB13F2200D08393 /* PBXTargetDependency */,
			);
			name = LibreMonitorTests;
			productName = LibreMonitorTests;
			productReference = C6822D7B1DB13F2200D08393 /* LibreMonitorTests.xctest */;
			productType = "com.apple.product-type.bundle.unit-test";
		};
		C6822D851DB13F2200D08393 /* LibreMonitorUITests */ = {
			isa = PBXNativeTarget;
			buildConfigurationList = C6822D951DB13F2200D08393 /* Build configuration list for PBXNativeTarget "LibreMonitorUITests" */;
			buildPhases = (
				C547848ACD9EA13100D90FE0 /* [CP] Check Pods Manifest.lock */,
				C6822D821DB13F2200D08393 /* Sources */,
				C6822D831DB13F2200D08393 /* Frameworks */,
				C6822D841DB13F2200D08393 /* Resources */,
			);
			buildRules = (
			);
			dependencies = (
				C6822D881DB13F2200D08393 /* PBXTargetDependency */,
			);
			name = LibreMonitorUITests;
			productName = LibreMonitorUITests;
			productReference = C6822D861DB13F2200D08393 /* LibreMonitorUITests.xctest */;
			productType = "com.apple.product-type.bundle.ui-testing";
		};
/* End PBXNativeTarget section */

/* Begin PBXProject section */
		C6822D5A1DB13F2200D08393 /* Project object */ = {
			isa = PBXProject;
			attributes = {
				LastSwiftUpdateCheck = 0800;
				LastUpgradeCheck = 0930;
				ORGANIZATIONNAME = "Uwe Petersen";
				TargetAttributes = {
					C6822D611DB13F2200D08393 = {
						CreatedOnToolsVersion = 8.0;
						DevelopmentTeam = 26F6YWJYL8;
						LastSwiftMigration = 1000;
						ProvisioningStyle = Automatic;
						SystemCapabilities = {
							com.apple.BackgroundModes = {
								enabled = 1;
							};
							com.apple.HealthKit = {
								enabled = 1;
							};
						};
					};
					C6822D7A1DB13F2200D08393 = {
						CreatedOnToolsVersion = 8.0;
						DevelopmentTeam = 26F6YWJYL8;
						LastSwiftMigration = 1000;
						ProvisioningStyle = Automatic;
						TestTargetID = C6822D611DB13F2200D08393;
					};
					C6822D851DB13F2200D08393 = {
						CreatedOnToolsVersion = 8.0;
						DevelopmentTeam = 26F6YWJYL8;
						LastSwiftMigration = 1000;
						ProvisioningStyle = Automatic;
						TestTargetID = C6822D611DB13F2200D08393;
					};
				};
			};
			buildConfigurationList = C6822D5D1DB13F2200D08393 /* Build configuration list for PBXProject "LibreMonitor" */;
			compatibilityVersion = "Xcode 3.1";
			developmentRegion = English;
			hasScannedForEncodings = 0;
			knownRegions = (
				en,
				Base,
			);
			mainGroup = C6822D591DB13F2200D08393;
			productRefGroup = C6822D631DB13F2200D08393 /* Products */;
			projectDirPath = "";
			projectRoot = "";
			targets = (
				C6822D611DB13F2200D08393 /* LibreMonitor */,
				C6822D7A1DB13F2200D08393 /* LibreMonitorTests */,
				C6822D851DB13F2200D08393 /* LibreMonitorUITests */,
			);
		};
/* End PBXProject section */

/* Begin PBXResourcesBuildPhase section */
		C6822D601DB13F2200D08393 /* Resources */ = {
			isa = PBXResourcesBuildPhase;
			buildActionMask = 2147483647;
			files = (
				C6822D751DB13F2200D08393 /* LaunchScreen.storyboard in Resources */,
				C690FD4E1FC9FF4A003E1E99 /* iconDownDown60@2x.png in Resources */,
				C690FD4F1FC9FF4A003E1E99 /* iconDownDown60@3x.png in Resources */,
				C690FD501FC9FF4A003E1E99 /* iconUp60@3x.png in Resources */,
				C690FD571FC9FF4A003E1E99 /* iconDown60@3x.png in Resources */,
				C690FD561FC9FF4A003E1E99 /* iconConstant60@3x.png in Resources */,
				C690FD551FC9FF4A003E1E99 /* iconUpUp60@3x.png in Resources */,
				C690FD531FC9FF4A003E1E99 /* iconConstant60@2x.png in Resources */,
				C6822D721DB13F2200D08393 /* Assets.xcassets in Resources */,
				C690FD521FC9FF4A003E1E99 /* iconDown60@2x.png in Resources */,
				C690FD541FC9FF4A003E1E99 /* iconUpUp60@2x.png in Resources */,
				C61C296C1DB16C60009A5885 /* Main.storyboard in Resources */,
				C690FD511FC9FF4A003E1E99 /* iconUp60@2x.png in Resources */,
			);
			runOnlyForDeploymentPostprocessing = 0;
		};
		C6822D791DB13F2200D08393 /* Resources */ = {
			isa = PBXResourcesBuildPhase;
			buildActionMask = 2147483647;
			files = (
			);
			runOnlyForDeploymentPostprocessing = 0;
		};
		C6822D841DB13F2200D08393 /* Resources */ = {
			isa = PBXResourcesBuildPhase;
			buildActionMask = 2147483647;
			files = (
			);
			runOnlyForDeploymentPostprocessing = 0;
		};
/* End PBXResourcesBuildPhase section */

/* Begin PBXShellScriptBuildPhase section */
		11AB4B4F77C6C42D94E9DF51 /* [CP] Check Pods Manifest.lock */ = {
			isa = PBXShellScriptBuildPhase;
			buildActionMask = 2147483647;
			files = (
			);
			inputFileListPaths = (
			);
			inputPaths = (
				"${PODS_PODFILE_DIR_PATH}/Podfile.lock",
				"${PODS_ROOT}/Manifest.lock",
			);
			name = "[CP] Check Pods Manifest.lock";
			outputFileListPaths = (
			);
			outputPaths = (
				"$(DERIVED_FILE_DIR)/Pods-LibreMonitorTests-checkManifestLockResult.txt",
			);
			runOnlyForDeploymentPostprocessing = 0;
			shellPath = /bin/sh;
			shellScript = "diff \"${PODS_PODFILE_DIR_PATH}/Podfile.lock\" \"${PODS_ROOT}/Manifest.lock\" > /dev/null\nif [ $? != 0 ] ; then\n    # print error to STDERR\n    echo \"error: The sandbox is not in sync with the Podfile.lock. Run 'pod install' or update your CocoaPods installation.\" >&2\n    exit 1\nfi\n# This output is used by Xcode 'outputs' to avoid re-running this script phase.\necho \"SUCCESS\" > \"${SCRIPT_OUTPUT_FILE_0}\"\n";
			showEnvVarsInLog = 0;
		};
		1D3518DA5221E7F3EABA7C15 /* [CP] Embed Pods Frameworks */ = {
			isa = PBXShellScriptBuildPhase;
			buildActionMask = 2147483647;
			files = (
			);
			inputFileListPaths = (
			);
			inputPaths = (
				"${SRCROOT}/Pods/Target Support Files/Pods-LibreMonitor/Pods-LibreMonitor-frameworks.sh",
				"${BUILT_PRODUCTS_DIR}/Charts/Charts.framework",
			);
			name = "[CP] Embed Pods Frameworks";
			outputFileListPaths = (
			);
			outputPaths = (
				"${TARGET_BUILD_DIR}/${FRAMEWORKS_FOLDER_PATH}/Charts.framework",
			);
			runOnlyForDeploymentPostprocessing = 0;
			shellPath = /bin/sh;
			shellScript = "\"${SRCROOT}/Pods/Target Support Files/Pods-LibreMonitor/Pods-LibreMonitor-frameworks.sh\"\n";
			showEnvVarsInLog = 0;
		};
		2301DD43CCE3E5407D9EA8AD /* [CP] Check Pods Manifest.lock */ = {
			isa = PBXShellScriptBuildPhase;
			buildActionMask = 2147483647;
			files = (
			);
			inputFileListPaths = (
			);
			inputPaths = (
				"${PODS_PODFILE_DIR_PATH}/Podfile.lock",
				"${PODS_ROOT}/Manifest.lock",
			);
			name = "[CP] Check Pods Manifest.lock";
			outputFileListPaths = (
			);
			outputPaths = (
				"$(DERIVED_FILE_DIR)/Pods-LibreMonitor-checkManifestLockResult.txt",
			);
			runOnlyForDeploymentPostprocessing = 0;
			shellPath = /bin/sh;
			shellScript = "diff \"${PODS_PODFILE_DIR_PATH}/Podfile.lock\" \"${PODS_ROOT}/Manifest.lock\" > /dev/null\nif [ $? != 0 ] ; then\n    # print error to STDERR\n    echo \"error: The sandbox is not in sync with the Podfile.lock. Run 'pod install' or update your CocoaPods installation.\" >&2\n    exit 1\nfi\n# This output is used by Xcode 'outputs' to avoid re-running this script phase.\necho \"SUCCESS\" > \"${SCRIPT_OUTPUT_FILE_0}\"\n";
			showEnvVarsInLog = 0;
		};
		C547848ACD9EA13100D90FE0 /* [CP] Check Pods Manifest.lock */ = {
			isa = PBXShellScriptBuildPhase;
			buildActionMask = 2147483647;
			files = (
			);
			inputFileListPaths = (
			);
			inputPaths = (
				"${PODS_PODFILE_DIR_PATH}/Podfile.lock",
				"${PODS_ROOT}/Manifest.lock",
			);
			name = "[CP] Check Pods Manifest.lock";
			outputFileListPaths = (
			);
			outputPaths = (
				"$(DERIVED_FILE_DIR)/Pods-LibreMonitorUITests-checkManifestLockResult.txt",
			);
			runOnlyForDeploymentPostprocessing = 0;
			shellPath = /bin/sh;
			shellScript = "diff \"${PODS_PODFILE_DIR_PATH}/Podfile.lock\" \"${PODS_ROOT}/Manifest.lock\" > /dev/null\nif [ $? != 0 ] ; then\n    # print error to STDERR\n    echo \"error: The sandbox is not in sync with the Podfile.lock. Run 'pod install' or update your CocoaPods installation.\" >&2\n    exit 1\nfi\n# This output is used by Xcode 'outputs' to avoid re-running this script phase.\necho \"SUCCESS\" > \"${SCRIPT_OUTPUT_FILE_0}\"\n";
			showEnvVarsInLog = 0;
		};
/* End PBXShellScriptBuildPhase section */

/* Begin PBXSourcesBuildPhase section */
		C6822D5E1DB13F2200D08393 /* Sources */ = {
			isa = PBXSourcesBuildPhase;
			buildActionMask = 2147483647;
			files = (
				C61E5D4F207BF6250099157F /* LibreOOPWebExtensions.swift in Sources */,
				C66A49681F40D7CB0005DC78 /* TimeFormat.swift in Sources */,
				C6822DDA1DB1631D00D08393 /* Sensor+CoreDataProperties.swift in Sources */,
				C6B537B51EBF6852000456B3 /* constands+Extensions.swift in Sources */,
				C66A49691F40D7CB0005DC78 /* TimeInterval.swift in Sources */,
				C68AA76C1EA7D5AB0010C43C /* GlucoseCDTVC.swift in Sources */,
				C6822DC21DB161C700D08393 /* BloodSugarGraphView.swift in Sources */,
				C6822DD81DB1631D00D08393 /* Reader+CoreDataProperties.swift in Sources */,
				C665A8CF1F4AE5CE00F204B1 /* SettingsViewController.swift in Sources */,
				C6822DD51DB1631D00D08393 /* BloodGlucose+CoreDataClass.swift in Sources */,
				C6822DDC1DB1631D00D08393 /* HeaderData+CoreDataProperties.swift in Sources */,
				C66A496E1F40D7CB0005DC78 /* NSData+Conversion.m in Sources */,
				C66A49671F40D7CB0005DC78 /* NSUserDefaults.swift in Sources */,
				C66A496B1F40D7CB0005DC78 /* NightscoutEntry.swift in Sources */,
				C61E5D4E207BF6250099157F /* LibreOOPResponse.swift in Sources */,
				C6822DAC1DB1616300D08393 /* NSData+SLIP.m in Sources */,
				C6822D661DB13F2200D08393 /* AppDelegate.swift in Sources */,
				C66A496A1F40D7CB0005DC78 /* MessageBody.swift in Sources */,
				C6CA13F7205EC40B0089C278 /* Data.swift in Sources */,
				C68AA7681EA7D52E0010C43C /* FetchedResultsTableViewController.swift in Sources */,
				C66A496F1F40D7CB0005DC78 /* NightscoutTreatment.swift in Sources */,
				C68AA76E1EA7D6910010C43C /* UITableViewDataSource+NSFetchedResultsController.swift in Sources */,
				C6CA13F52053EA9D0089C278 /* MiaoMiaoManager.swift in Sources */,
				C66A497C1F4227860005DC78 /* NSDateFormatter.swift in Sources */,
				C66A495A1F40D7A70005DC78 /* NightscoutUploader.swift in Sources */,
				C6822D691DB13F2200D08393 /* LibreMonitor.xcdatamodeld in Sources */,
				C61E5D4D207BF6250099157F /* LibreOOPClient.swift in Sources */,
				C6822DD61DB1631D00D08393 /* BloodGlucose+CoreDataProperties.swift in Sources */,
				C6822DC31DB161C700D08393 /* BloodSugarGraphViewTableViewCell.swift in Sources */,
				C66A496C1F40D7CB0005DC78 /* HKUnit.swift in Sources */,
				C6822DB71DB1618400D08393 /* Measurement.swift in Sources */,
				C6822DB91DB1618400D08393 /* SensorState.swift in Sources */,
				C6822DDB1DB1631D00D08393 /* HeaderData+CoreDataClass.swift in Sources */,
				C6822DD71DB1631D00D08393 /* Reader+CoreDataClass.swift in Sources */,
				C6760962207175FC0056A5FF /* FreestyleLibreSensor.swift in Sources */,
				C6822DB81DB1618400D08393 /* SensorData.swift in Sources */,
				C6822DBD1DB161AB00D08393 /* AdjustmentsTableViewController.swift in Sources */,
				C66A496D1F40D7CB0005DC78 /* Either.swift in Sources */,
				C6078B0F1EC76BE800FEE6F7 /* NotificationManager.swift in Sources */,
				C6822DBE1DB161AB00D08393 /* BloodSugarTableViewController.swift in Sources */,
				C61DA67D1EACA2CC00FEF4A1 /* BloodGlucoseEntryEditTableViewController.swift in Sources */,
				C66A49701F40D7CB0005DC78 /* Crypto.m in Sources */,
				C6822DAD1DB1616300D08393 /* SimbleeManager.swift in Sources */,
				C6822DB51DB1618400D08393 /* CRC.swift in Sources */,
				C6822DAE1DB1616300D08393 /* SLIPBuffer.swift in Sources */,
				C6822DAB1DB1616300D08393 /* NSData+CRC8.m in Sources */,
				C6822DAA1DB1616300D08393 /* Data_types+Extensions.swift in Sources */,
				C6822DD91DB1631D00D08393 /* Sensor+CoreDataClass.swift in Sources */,
			);
			runOnlyForDeploymentPostprocessing = 0;
		};
		C6822D771DB13F2200D08393 /* Sources */ = {
			isa = PBXSourcesBuildPhase;
			buildActionMask = 2147483647;
			files = (
				C60178961E3E7FE5008FCF3A /* BluetoothTestData.swift in Sources */,
				C6822DC51DB161F900D08393 /* LibreMonitorTestSensorData.swift in Sources */,
				C6652F1F1DB1801D00237E7D /* libUBP.m in Sources */,
				C65E6DA21E45070800A85E0E /* TransmissionTests.swift in Sources */,
				C6652F1E1DB1801D00237E7D /* crc8.m in Sources */,
				C6822D801DB13F2200D08393 /* LibreMonitorTests.swift in Sources */,
			);
			runOnlyForDeploymentPostprocessing = 0;
		};
		C6822D821DB13F2200D08393 /* Sources */ = {
			isa = PBXSourcesBuildPhase;
			buildActionMask = 2147483647;
			files = (
				C6822D8B1DB13F2200D08393 /* LibreMonitorUITests.swift in Sources */,
			);
			runOnlyForDeploymentPostprocessing = 0;
		};
/* End PBXSourcesBuildPhase section */

/* Begin PBXTargetDependency section */
		C6822D7D1DB13F2200D08393 /* PBXTargetDependency */ = {
			isa = PBXTargetDependency;
			target = C6822D611DB13F2200D08393 /* LibreMonitor */;
			targetProxy = C6822D7C1DB13F2200D08393 /* PBXContainerItemProxy */;
		};
		C6822D881DB13F2200D08393 /* PBXTargetDependency */ = {
			isa = PBXTargetDependency;
			target = C6822D611DB13F2200D08393 /* LibreMonitor */;
			targetProxy = C6822D871DB13F2200D08393 /* PBXContainerItemProxy */;
		};
/* End PBXTargetDependency section */

/* Begin PBXVariantGroup section */
		C6822D731DB13F2200D08393 /* LaunchScreen.storyboard */ = {
			isa = PBXVariantGroup;
			children = (
				C6822D741DB13F2200D08393 /* Base */,
			);
			name = LaunchScreen.storyboard;
			sourceTree = "<group>";
		};
/* End PBXVariantGroup section */

/* Begin XCBuildConfiguration section */
		C6822D8D1DB13F2200D08393 /* Debug */ = {
			isa = XCBuildConfiguration;
			buildSettings = {
				ALWAYS_EMBED_SWIFT_STANDARD_LIBRARIES = "$(inherited)";
				ALWAYS_SEARCH_USER_PATHS = NO;
				CLANG_ANALYZER_NONNULL = YES;
				CLANG_CXX_LANGUAGE_STANDARD = "gnu++0x";
				CLANG_CXX_LIBRARY = "libc++";
				CLANG_ENABLE_MODULES = YES;
				CLANG_ENABLE_OBJC_ARC = YES;
				CLANG_WARN_BLOCK_CAPTURE_AUTORELEASING = YES;
				CLANG_WARN_BOOL_CONVERSION = YES;
				CLANG_WARN_COMMA = YES;
				CLANG_WARN_CONSTANT_CONVERSION = YES;
				CLANG_WARN_DEPRECATED_OBJC_IMPLEMENTATIONS = YES;
				CLANG_WARN_DIRECT_OBJC_ISA_USAGE = YES_ERROR;
				CLANG_WARN_DOCUMENTATION_COMMENTS = YES;
				CLANG_WARN_EMPTY_BODY = YES;
				CLANG_WARN_ENUM_CONVERSION = YES;
				CLANG_WARN_INFINITE_RECURSION = YES;
				CLANG_WARN_INT_CONVERSION = YES;
				CLANG_WARN_NON_LITERAL_NULL_CONVERSION = YES;
				CLANG_WARN_OBJC_IMPLICIT_RETAIN_SELF = YES;
				CLANG_WARN_OBJC_LITERAL_CONVERSION = YES;
				CLANG_WARN_OBJC_ROOT_CLASS = YES_ERROR;
				CLANG_WARN_RANGE_LOOP_ANALYSIS = YES;
				CLANG_WARN_STRICT_PROTOTYPES = YES;
				CLANG_WARN_SUSPICIOUS_MOVE = YES;
				CLANG_WARN_SUSPICIOUS_MOVES = YES;
				CLANG_WARN_UNREACHABLE_CODE = YES;
				CLANG_WARN__DUPLICATE_METHOD_MATCH = YES;
				"CODE_SIGN_IDENTITY[sdk=iphoneos*]" = "iPhone Developer";
				COPY_PHASE_STRIP = NO;
				DEBUG_INFORMATION_FORMAT = dwarf;
				ENABLE_STRICT_OBJC_MSGSEND = YES;
				ENABLE_TESTABILITY = YES;
				GCC_C_LANGUAGE_STANDARD = gnu99;
				GCC_DYNAMIC_NO_PIC = NO;
				GCC_NO_COMMON_BLOCKS = YES;
				GCC_OPTIMIZATION_LEVEL = 0;
				GCC_PREPROCESSOR_DEFINITIONS = (
					"DEBUG=1",
					"$(inherited)",
				);
				GCC_WARN_64_TO_32_BIT_CONVERSION = YES;
				GCC_WARN_ABOUT_RETURN_TYPE = YES_ERROR;
				GCC_WARN_UNDECLARED_SELECTOR = YES;
				GCC_WARN_UNINITIALIZED_AUTOS = YES_AGGRESSIVE;
				GCC_WARN_UNUSED_FUNCTION = YES;
				GCC_WARN_UNUSED_VARIABLE = YES;
				IPHONEOS_DEPLOYMENT_TARGET = 12.0;
				MTL_ENABLE_DEBUG_INFO = YES;
				ONLY_ACTIVE_ARCH = YES;
				OTHER_SWIFT_FLAGS = "-Xfrontend -warn-long-function-bodies=300";
				SDKROOT = iphoneos;
				SWIFT_ACTIVE_COMPILATION_CONDITIONS = DEBUG;
				SWIFT_OPTIMIZATION_LEVEL = "-Onone";
				TARGETED_DEVICE_FAMILY = "1,2";
			};
			name = Debug;
		};
		C6822D8E1DB13F2200D08393 /* Release */ = {
			isa = XCBuildConfiguration;
			buildSettings = {
				ALWAYS_EMBED_SWIFT_STANDARD_LIBRARIES = "$(inherited)";
				ALWAYS_SEARCH_USER_PATHS = NO;
				CLANG_ANALYZER_NONNULL = YES;
				CLANG_CXX_LANGUAGE_STANDARD = "gnu++0x";
				CLANG_CXX_LIBRARY = "libc++";
				CLANG_ENABLE_MODULES = YES;
				CLANG_ENABLE_OBJC_ARC = YES;
				CLANG_WARN_BLOCK_CAPTURE_AUTORELEASING = YES;
				CLANG_WARN_BOOL_CONVERSION = YES;
				CLANG_WARN_COMMA = YES;
				CLANG_WARN_CONSTANT_CONVERSION = YES;
				CLANG_WARN_DEPRECATED_OBJC_IMPLEMENTATIONS = YES;
				CLANG_WARN_DIRECT_OBJC_ISA_USAGE = YES_ERROR;
				CLANG_WARN_DOCUMENTATION_COMMENTS = YES;
				CLANG_WARN_EMPTY_BODY = YES;
				CLANG_WARN_ENUM_CONVERSION = YES;
				CLANG_WARN_INFINITE_RECURSION = YES;
				CLANG_WARN_INT_CONVERSION = YES;
				CLANG_WARN_NON_LITERAL_NULL_CONVERSION = YES;
				CLANG_WARN_OBJC_IMPLICIT_RETAIN_SELF = YES;
				CLANG_WARN_OBJC_LITERAL_CONVERSION = YES;
				CLANG_WARN_OBJC_ROOT_CLASS = YES_ERROR;
				CLANG_WARN_RANGE_LOOP_ANALYSIS = YES;
				CLANG_WARN_STRICT_PROTOTYPES = YES;
				CLANG_WARN_SUSPICIOUS_MOVE = YES;
				CLANG_WARN_SUSPICIOUS_MOVES = YES;
				CLANG_WARN_UNREACHABLE_CODE = YES;
				CLANG_WARN__DUPLICATE_METHOD_MATCH = YES;
				"CODE_SIGN_IDENTITY[sdk=iphoneos*]" = "iPhone Developer";
				COPY_PHASE_STRIP = NO;
				DEBUG_INFORMATION_FORMAT = "dwarf-with-dsym";
				ENABLE_NS_ASSERTIONS = NO;
				ENABLE_STRICT_OBJC_MSGSEND = YES;
				GCC_C_LANGUAGE_STANDARD = gnu99;
				GCC_NO_COMMON_BLOCKS = YES;
				GCC_WARN_64_TO_32_BIT_CONVERSION = YES;
				GCC_WARN_ABOUT_RETURN_TYPE = YES_ERROR;
				GCC_WARN_UNDECLARED_SELECTOR = YES;
				GCC_WARN_UNINITIALIZED_AUTOS = YES_AGGRESSIVE;
				GCC_WARN_UNUSED_FUNCTION = YES;
				GCC_WARN_UNUSED_VARIABLE = YES;
				IPHONEOS_DEPLOYMENT_TARGET = 12.0;
				MTL_ENABLE_DEBUG_INFO = NO;
				SDKROOT = iphoneos;
				SWIFT_OPTIMIZATION_LEVEL = "-Owholemodule";
				TARGETED_DEVICE_FAMILY = "1,2";
				VALIDATE_PRODUCT = YES;
			};
			name = Release;
		};
		C6822D901DB13F2200D08393 /* Debug */ = {
			isa = XCBuildConfiguration;
			baseConfigurationReference = 3699E067440DF4250D7C1B33 /* Pods-LibreMonitor.debug.xcconfig */;
			buildSettings = {
				ALWAYS_EMBED_SWIFT_STANDARD_LIBRARIES = "$(inherited)";
				ASSETCATALOG_COMPILER_APPICON_NAME = AppIcon;
				CLANG_ENABLE_MODULES = YES;
				CODE_SIGN_ENTITLEMENTS = LibreMonitor/LibreMonitor.entitlements;
				DEVELOPMENT_TEAM = 26F6YWJYL8;
				INFOPLIST_FILE = LibreMonitor/Info.plist;
				IPHONEOS_DEPLOYMENT_TARGET = 10.3;
				LD_RUNPATH_SEARCH_PATHS = "$(inherited) @executable_path/Frameworks";
				PRODUCT_BUNDLE_IDENTIFIER = UPP.LibreMonitor;
				PRODUCT_NAME = "$(TARGET_NAME)";
				SWIFT_OBJC_BRIDGING_HEADER = "LibreMonitor/LibreMonitor-Bridging-Header.h";
				SWIFT_OPTIMIZATION_LEVEL = "-Onone";
				SWIFT_VERSION = 4.2;
			};
			name = Debug;
		};
		C6822D911DB13F2200D08393 /* Release */ = {
			isa = XCBuildConfiguration;
			baseConfigurationReference = 64D47D0B0840C959EFFA9D80 /* Pods-LibreMonitor.release.xcconfig */;
			buildSettings = {
				ALWAYS_EMBED_SWIFT_STANDARD_LIBRARIES = "$(inherited)";
				ASSETCATALOG_COMPILER_APPICON_NAME = AppIcon;
				CLANG_ENABLE_MODULES = YES;
				CODE_SIGN_ENTITLEMENTS = LibreMonitor/LibreMonitor.entitlements;
				DEVELOPMENT_TEAM = 26F6YWJYL8;
				INFOPLIST_FILE = LibreMonitor/Info.plist;
				IPHONEOS_DEPLOYMENT_TARGET = 10.3;
				LD_RUNPATH_SEARCH_PATHS = "$(inherited) @executable_path/Frameworks";
				PRODUCT_BUNDLE_IDENTIFIER = UPP.LibreMonitor;
				PRODUCT_NAME = "$(TARGET_NAME)";
				SWIFT_OBJC_BRIDGING_HEADER = "LibreMonitor/LibreMonitor-Bridging-Header.h";
				SWIFT_VERSION = 4.2;
			};
			name = Release;
		};
		C6822D931DB13F2200D08393 /* Debug */ = {
			isa = XCBuildConfiguration;
			baseConfigurationReference = F3D7B42C79827E18F3D9735C /* Pods-LibreMonitorTests.debug.xcconfig */;
			buildSettings = {
				BUNDLE_LOADER = "$(TEST_HOST)";
				CLANG_ENABLE_MODULES = YES;
				DEVELOPMENT_TEAM = 26F6YWJYL8;
				INFOPLIST_FILE = LibreMonitorTests/Info.plist;
				LD_RUNPATH_SEARCH_PATHS = "$(inherited) @executable_path/Frameworks @loader_path/Frameworks";
				NEW_SETTING = "";
				PRODUCT_BUNDLE_IDENTIFIER = UPP.LibreMonitorTests;
				PRODUCT_NAME = "$(TARGET_NAME)";
				SWIFT_OBJC_BRIDGING_HEADER = "LibreMonitorTests/LibreMonitorTests-Bridging-Header.h";
				SWIFT_OPTIMIZATION_LEVEL = "-Onone";
				SWIFT_VERSION = 4.2;
				TEST_HOST = "$(BUILT_PRODUCTS_DIR)/LibreMonitor.app/LibreMonitor";
			};
			name = Debug;
		};
		C6822D941DB13F2200D08393 /* Release */ = {
			isa = XCBuildConfiguration;
			baseConfigurationReference = 3DC219F91FAAC75C67C11638 /* Pods-LibreMonitorTests.release.xcconfig */;
			buildSettings = {
				BUNDLE_LOADER = "$(TEST_HOST)";
				CLANG_ENABLE_MODULES = YES;
				DEVELOPMENT_TEAM = 26F6YWJYL8;
				INFOPLIST_FILE = LibreMonitorTests/Info.plist;
				LD_RUNPATH_SEARCH_PATHS = "$(inherited) @executable_path/Frameworks @loader_path/Frameworks";
				NEW_SETTING = "";
				PRODUCT_BUNDLE_IDENTIFIER = UPP.LibreMonitorTests;
				PRODUCT_NAME = "$(TARGET_NAME)";
				SWIFT_OBJC_BRIDGING_HEADER = "LibreMonitorTests/LibreMonitorTests-Bridging-Header.h";
				SWIFT_VERSION = 4.2;
				TEST_HOST = "$(BUILT_PRODUCTS_DIR)/LibreMonitor.app/LibreMonitor";
			};
			name = Release;
		};
		C6822D961DB13F2200D08393 /* Debug */ = {
			isa = XCBuildConfiguration;
			baseConfigurationReference = 29B84802438A170516B70200 /* Pods-LibreMonitorUITests.debug.xcconfig */;
			buildSettings = {
				ALWAYS_EMBED_SWIFT_STANDARD_LIBRARIES = "$(inherited)";
				DEVELOPMENT_TEAM = 26F6YWJYL8;
				INFOPLIST_FILE = LibreMonitorUITests/Info.plist;
				LD_RUNPATH_SEARCH_PATHS = "$(inherited) @executable_path/Frameworks @loader_path/Frameworks";
				PRODUCT_BUNDLE_IDENTIFIER = UPP.LibreMonitorUITests;
				PRODUCT_NAME = "$(TARGET_NAME)";
				SWIFT_VERSION = 4.2;
				TEST_TARGET_NAME = LibreMonitor;
			};
			name = Debug;
		};
		C6822D971DB13F2200D08393 /* Release */ = {
			isa = XCBuildConfiguration;
			baseConfigurationReference = 10E10B329FE1A294608335D3 /* Pods-LibreMonitorUITests.release.xcconfig */;
			buildSettings = {
				ALWAYS_EMBED_SWIFT_STANDARD_LIBRARIES = "$(inherited)";
				DEVELOPMENT_TEAM = 26F6YWJYL8;
				INFOPLIST_FILE = LibreMonitorUITests/Info.plist;
				LD_RUNPATH_SEARCH_PATHS = "$(inherited) @executable_path/Frameworks @loader_path/Frameworks";
				PRODUCT_BUNDLE_IDENTIFIER = UPP.LibreMonitorUITests;
				PRODUCT_NAME = "$(TARGET_NAME)";
				SWIFT_VERSION = 4.2;
				TEST_TARGET_NAME = LibreMonitor;
			};
			name = Release;
		};
/* End XCBuildConfiguration section */

/* Begin XCConfigurationList section */
		C6822D5D1DB13F2200D08393 /* Build configuration list for PBXProject "LibreMonitor" */ = {
			isa = XCConfigurationList;
			buildConfigurations = (
				C6822D8D1DB13F2200D08393 /* Debug */,
				C6822D8E1DB13F2200D08393 /* Release */,
			);
			defaultConfigurationIsVisible = 0;
			defaultConfigurationName = Release;
		};
		C6822D8F1DB13F2200D08393 /* Build configuration list for PBXNativeTarget "LibreMonitor" */ = {
			isa = XCConfigurationList;
			buildConfigurations = (
				C6822D901DB13F2200D08393 /* Debug */,
				C6822D911DB13F2200D08393 /* Release */,
			);
			defaultConfigurationIsVisible = 0;
			defaultConfigurationName = Release;
		};
		C6822D921DB13F2200D08393 /* Build configuration list for PBXNativeTarget "LibreMonitorTests" */ = {
			isa = XCConfigurationList;
			buildConfigurations = (
				C6822D931DB13F2200D08393 /* Debug */,
				C6822D941DB13F2200D08393 /* Release */,
			);
			defaultConfigurationIsVisible = 0;
			defaultConfigurationName = Release;
		};
		C6822D951DB13F2200D08393 /* Build configuration list for PBXNativeTarget "LibreMonitorUITests" */ = {
			isa = XCConfigurationList;
			buildConfigurations = (
				C6822D961DB13F2200D08393 /* Debug */,
				C6822D971DB13F2200D08393 /* Release */,
			);
			defaultConfigurationIsVisible = 0;
			defaultConfigurationName = Release;
		};
/* End XCConfigurationList section */

/* Begin XCVersionGroup section */
		C6822D671DB13F2200D08393 /* LibreMonitor.xcdatamodeld */ = {
			isa = XCVersionGroup;
			children = (
				C6822D681DB13F2200D08393 /* LibreMonitor.xcdatamodel */,
			);
			currentVersion = C6822D681DB13F2200D08393 /* LibreMonitor.xcdatamodel */;
			path = LibreMonitor.xcdatamodeld;
			sourceTree = "<group>";
			versionGroupType = wrapper.xcdatamodel;
		};
/* End XCVersionGroup section */
	};
	rootObject = C6822D5A1DB13F2200D08393 /* Project object */;
}
