// !$*UTF8*$!
{
	archiveVersion = 1;
	classes = {
	};
	objectVersion = 46;
	objects = {

/* Begin PBXBuildFile section */
		69FDC1303E6489565921E4A6 /* Pods_LibreMonitor.framework in Frameworks */ = {isa = PBXBuildFile; fileRef = 9578AF4B930F6BF4892D4005 /* Pods_LibreMonitor.framework */; };
		C6822D661DB13F2200D08393 /* AppDelegate.swift in Sources */ = {isa = PBXBuildFile; fileRef = C6822D651DB13F2200D08393 /* AppDelegate.swift */; };
		C6822D691DB13F2200D08393 /* LibreMonitor.xcdatamodeld in Sources */ = {isa = PBXBuildFile; fileRef = C6822D671DB13F2200D08393 /* LibreMonitor.xcdatamodeld */; };
		C6822D6B1DB13F2200D08393 /* MasterViewController.swift in Sources */ = {isa = PBXBuildFile; fileRef = C6822D6A1DB13F2200D08393 /* MasterViewController.swift */; };
		C6822D6D1DB13F2200D08393 /* DetailViewController.swift in Sources */ = {isa = PBXBuildFile; fileRef = C6822D6C1DB13F2200D08393 /* DetailViewController.swift */; };
		C6822D701DB13F2200D08393 /* Main.storyboard in Resources */ = {isa = PBXBuildFile; fileRef = C6822D6E1DB13F2200D08393 /* Main.storyboard */; };
		C6822D721DB13F2200D08393 /* Assets.xcassets in Resources */ = {isa = PBXBuildFile; fileRef = C6822D711DB13F2200D08393 /* Assets.xcassets */; };
		C6822D751DB13F2200D08393 /* LaunchScreen.storyboard in Resources */ = {isa = PBXBuildFile; fileRef = C6822D731DB13F2200D08393 /* LaunchScreen.storyboard */; };
		C6822D801DB13F2200D08393 /* LibreMonitorTests.swift in Sources */ = {isa = PBXBuildFile; fileRef = C6822D7F1DB13F2200D08393 /* LibreMonitorTests.swift */; };
		C6822D8B1DB13F2200D08393 /* LibreMonitorUITests.swift in Sources */ = {isa = PBXBuildFile; fileRef = C6822D8A1DB13F2200D08393 /* LibreMonitorUITests.swift */; };
		C6822D9E1DB160DF00D08393 /* crc8.m in Sources */ = {isa = PBXBuildFile; fileRef = C6822D9B1DB160DF00D08393 /* crc8.m */; };
		C6822D9F1DB160DF00D08393 /* libUBP.m in Sources */ = {isa = PBXBuildFile; fileRef = C6822D9D1DB160DF00D08393 /* libUBP.m */; };
		C6822DAA1DB1616300D08393 /* Data_types+Extensions.swift in Sources */ = {isa = PBXBuildFile; fileRef = C6822DA31DB1616300D08393 /* Data_types+Extensions.swift */; };
		C6822DAB1DB1616300D08393 /* NSData+CRC8.m in Sources */ = {isa = PBXBuildFile; fileRef = C6822DA51DB1616300D08393 /* NSData+CRC8.m */; };
		C6822DAC1DB1616300D08393 /* NSData+SLIP.m in Sources */ = {isa = PBXBuildFile; fileRef = C6822DA71DB1616300D08393 /* NSData+SLIP.m */; };
		C6822DAD1DB1616300D08393 /* SimbleeManager.swift in Sources */ = {isa = PBXBuildFile; fileRef = C6822DA81DB1616300D08393 /* SimbleeManager.swift */; };
		C6822DAE1DB1616300D08393 /* SLIPBuffer.swift in Sources */ = {isa = PBXBuildFile; fileRef = C6822DA91DB1616300D08393 /* SLIPBuffer.swift */; };
		C6822DB51DB1618400D08393 /* CRC.swift in Sources */ = {isa = PBXBuildFile; fileRef = C6822DB01DB1618400D08393 /* CRC.swift */; };
		C6822DB61DB1618400D08393 /* LibreSensor.swift in Sources */ = {isa = PBXBuildFile; fileRef = C6822DB11DB1618400D08393 /* LibreSensor.swift */; };
		C6822DB71DB1618400D08393 /* Measurement.swift in Sources */ = {isa = PBXBuildFile; fileRef = C6822DB21DB1618400D08393 /* Measurement.swift */; };
		C6822DB81DB1618400D08393 /* SensorData.swift in Sources */ = {isa = PBXBuildFile; fileRef = C6822DB31DB1618400D08393 /* SensorData.swift */; };
		C6822DB91DB1618400D08393 /* SensorState.swift in Sources */ = {isa = PBXBuildFile; fileRef = C6822DB41DB1618400D08393 /* SensorState.swift */; };
		C6822DBD1DB161AB00D08393 /* AdjustmentsTableViewController.swift in Sources */ = {isa = PBXBuildFile; fileRef = C6822DBB1DB161AB00D08393 /* AdjustmentsTableViewController.swift */; };
		C6822DBE1DB161AB00D08393 /* BloodSugarTableViewController.swift in Sources */ = {isa = PBXBuildFile; fileRef = C6822DBC1DB161AB00D08393 /* BloodSugarTableViewController.swift */; };
		C6822DC21DB161C700D08393 /* BloodSugarGraphView.swift in Sources */ = {isa = PBXBuildFile; fileRef = C6822DC01DB161C700D08393 /* BloodSugarGraphView.swift */; };
		C6822DC31DB161C700D08393 /* BloodSugarGraphViewTableViewCell.swift in Sources */ = {isa = PBXBuildFile; fileRef = C6822DC11DB161C700D08393 /* BloodSugarGraphViewTableViewCell.swift */; };
		C6822DC51DB161F900D08393 /* LibreMonitorTestSensorData.swift in Sources */ = {isa = PBXBuildFile; fileRef = C6822DC41DB161F900D08393 /* LibreMonitorTestSensorData.swift */; };
		C6822DC81DB162E900D08393 /* CoreDataStack.swift in Sources */ = {isa = PBXBuildFile; fileRef = C6822DC71DB162E900D08393 /* CoreDataStack.swift */; };
		C6822DD51DB1631D00D08393 /* BloodGlucose+CoreDataClass.swift in Sources */ = {isa = PBXBuildFile; fileRef = C6822DCB1DB1631D00D08393 /* BloodGlucose+CoreDataClass.swift */; };
		C6822DD61DB1631D00D08393 /* BloodGlucose+CoreDataProperties.swift in Sources */ = {isa = PBXBuildFile; fileRef = C6822DCC1DB1631D00D08393 /* BloodGlucose+CoreDataProperties.swift */; };
		C6822DD71DB1631D00D08393 /* Reader+CoreDataClass.swift in Sources */ = {isa = PBXBuildFile; fileRef = C6822DCD1DB1631D00D08393 /* Reader+CoreDataClass.swift */; };
		C6822DD81DB1631D00D08393 /* Reader+CoreDataProperties.swift in Sources */ = {isa = PBXBuildFile; fileRef = C6822DCE1DB1631D00D08393 /* Reader+CoreDataProperties.swift */; };
		C6822DD91DB1631D00D08393 /* Sensor+CoreDataClass.swift in Sources */ = {isa = PBXBuildFile; fileRef = C6822DCF1DB1631D00D08393 /* Sensor+CoreDataClass.swift */; };
		C6822DDA1DB1631D00D08393 /* Sensor+CoreDataProperties.swift in Sources */ = {isa = PBXBuildFile; fileRef = C6822DD01DB1631D00D08393 /* Sensor+CoreDataProperties.swift */; };
		C6822DDB1DB1631D00D08393 /* HeaderData+CoreDataClass.swift in Sources */ = {isa = PBXBuildFile; fileRef = C6822DD11DB1631D00D08393 /* HeaderData+CoreDataClass.swift */; };
		C6822DDC1DB1631D00D08393 /* HeaderData+CoreDataProperties.swift in Sources */ = {isa = PBXBuildFile; fileRef = C6822DD21DB1631D00D08393 /* HeaderData+CoreDataProperties.swift */; };
/* End PBXBuildFile section */

/* Begin PBXContainerItemProxy section */
		C6822D7C1DB13F2200D08393 /* PBXContainerItemProxy */ = {
			isa = PBXContainerItemProxy;
			containerPortal = C6822D5A1DB13F2200D08393 /* Project object */;
			proxyType = 1;
			remoteGlobalIDString = C6822D611DB13F2200D08393;
			remoteInfo = LibreMonitor;
		};
		C6822D871DB13F2200D08393 /* PBXContainerItemProxy */ = {
			isa = PBXContainerItemProxy;
			containerPortal = C6822D5A1DB13F2200D08393 /* Project object */;
			proxyType = 1;
			remoteGlobalIDString = C6822D611DB13F2200D08393;
			remoteInfo = LibreMonitor;
		};
/* End PBXContainerItemProxy section */

/* Begin PBXFileReference section */
		78357CD688DDCBBBDD7053AB /* Pods-LibreMonitor.debug.xcconfig */ = {isa = PBXFileReference; includeInIndex = 1; lastKnownFileType = text.xcconfig; name = "Pods-LibreMonitor.debug.xcconfig"; path = "Pods/Target Support Files/Pods-LibreMonitor/Pods-LibreMonitor.debug.xcconfig"; sourceTree = "<group>"; };
		9578AF4B930F6BF4892D4005 /* Pods_LibreMonitor.framework */ = {isa = PBXFileReference; explicitFileType = wrapper.framework; includeInIndex = 0; path = Pods_LibreMonitor.framework; sourceTree = BUILT_PRODUCTS_DIR; };
		99833A11B1A7E133C492561A /* Pods-LibreMonitor.release.xcconfig */ = {isa = PBXFileReference; includeInIndex = 1; lastKnownFileType = text.xcconfig; name = "Pods-LibreMonitor.release.xcconfig"; path = "Pods/Target Support Files/Pods-LibreMonitor/Pods-LibreMonitor.release.xcconfig"; sourceTree = "<group>"; };
		C6822D621DB13F2200D08393 /* LibreMonitor.app */ = {isa = PBXFileReference; explicitFileType = wrapper.application; includeInIndex = 0; path = LibreMonitor.app; sourceTree = BUILT_PRODUCTS_DIR; };
		C6822D651DB13F2200D08393 /* AppDelegate.swift */ = {isa = PBXFileReference; lastKnownFileType = sourcecode.swift; path = AppDelegate.swift; sourceTree = "<group>"; };
		C6822D681DB13F2200D08393 /* LibreMonitor.xcdatamodel */ = {isa = PBXFileReference; lastKnownFileType = wrapper.xcdatamodel; path = LibreMonitor.xcdatamodel; sourceTree = "<group>"; };
		C6822D6A1DB13F2200D08393 /* MasterViewController.swift */ = {isa = PBXFileReference; lastKnownFileType = sourcecode.swift; path = MasterViewController.swift; sourceTree = "<group>"; };
		C6822D6C1DB13F2200D08393 /* DetailViewController.swift */ = {isa = PBXFileReference; lastKnownFileType = sourcecode.swift; path = DetailViewController.swift; sourceTree = "<group>"; };
		C6822D6F1DB13F2200D08393 /* Base */ = {isa = PBXFileReference; lastKnownFileType = file.storyboard; name = Base; path = Base.lproj/Main.storyboard; sourceTree = "<group>"; };
		C6822D711DB13F2200D08393 /* Assets.xcassets */ = {isa = PBXFileReference; lastKnownFileType = folder.assetcatalog; path = Assets.xcassets; sourceTree = "<group>"; };
		C6822D741DB13F2200D08393 /* Base */ = {isa = PBXFileReference; lastKnownFileType = file.storyboard; name = Base; path = Base.lproj/LaunchScreen.storyboard; sourceTree = "<group>"; };
		C6822D761DB13F2200D08393 /* Info.plist */ = {isa = PBXFileReference; lastKnownFileType = text.plist.xml; path = Info.plist; sourceTree = "<group>"; };
		C6822D7B1DB13F2200D08393 /* LibreMonitorTests.xctest */ = {isa = PBXFileReference; explicitFileType = wrapper.cfbundle; includeInIndex = 0; path = LibreMonitorTests.xctest; sourceTree = BUILT_PRODUCTS_DIR; };
		C6822D7F1DB13F2200D08393 /* LibreMonitorTests.swift */ = {isa = PBXFileReference; lastKnownFileType = sourcecode.swift; path = LibreMonitorTests.swift; sourceTree = "<group>"; };
		C6822D811DB13F2200D08393 /* Info.plist */ = {isa = PBXFileReference; lastKnownFileType = text.plist.xml; path = Info.plist; sourceTree = "<group>"; };
		C6822D861DB13F2200D08393 /* LibreMonitorUITests.xctest */ = {isa = PBXFileReference; explicitFileType = wrapper.cfbundle; includeInIndex = 0; path = LibreMonitorUITests.xctest; sourceTree = BUILT_PRODUCTS_DIR; };
		C6822D8A1DB13F2200D08393 /* LibreMonitorUITests.swift */ = {isa = PBXFileReference; lastKnownFileType = sourcecode.swift; path = LibreMonitorUITests.swift; sourceTree = "<group>"; };
		C6822D8C1DB13F2200D08393 /* Info.plist */ = {isa = PBXFileReference; lastKnownFileType = text.plist.xml; path = Info.plist; sourceTree = "<group>"; };
		C6822D991DB160DF00D08393 /* LibreMonitor-Bridging-Header.h */ = {isa = PBXFileReference; lastKnownFileType = sourcecode.c.h; path = "LibreMonitor-Bridging-Header.h"; sourceTree = "<group>"; };
		C6822D9A1DB160DF00D08393 /* crc8.h */ = {isa = PBXFileReference; fileEncoding = 4; lastKnownFileType = sourcecode.c.h; name = crc8.h; path = SimbleeCode/crc8.h; sourceTree = "<group>"; };
		C6822D9B1DB160DF00D08393 /* crc8.m */ = {isa = PBXFileReference; fileEncoding = 4; lastKnownFileType = sourcecode.c.objc; name = crc8.m; path = SimbleeCode/crc8.m; sourceTree = "<group>"; };
		C6822D9C1DB160DF00D08393 /* libUBP.h */ = {isa = PBXFileReference; fileEncoding = 4; lastKnownFileType = sourcecode.c.h; name = libUBP.h; path = SimbleeCode/libUBP.h; sourceTree = "<group>"; };
		C6822D9D1DB160DF00D08393 /* libUBP.m */ = {isa = PBXFileReference; fileEncoding = 4; lastKnownFileType = sourcecode.c.objc; name = libUBP.m; path = SimbleeCode/libUBP.m; sourceTree = "<group>"; };
		C6822DA11DB1616300D08393 /* constants.h */ = {isa = PBXFileReference; fileEncoding = 4; lastKnownFileType = sourcecode.c.h; name = constants.h; path = Bluetooth/constants.h; sourceTree = "<group>"; };
		C6822DA21DB1616300D08393 /* data_types.h */ = {isa = PBXFileReference; fileEncoding = 4; lastKnownFileType = sourcecode.c.h; name = data_types.h; path = Bluetooth/data_types.h; sourceTree = "<group>"; };
		C6822DA31DB1616300D08393 /* Data_types+Extensions.swift */ = {isa = PBXFileReference; fileEncoding = 4; lastKnownFileType = sourcecode.swift; name = "Data_types+Extensions.swift"; path = "Bluetooth/Data_types+Extensions.swift"; sourceTree = "<group>"; };
		C6822DA41DB1616300D08393 /* NSData+CRC8.h */ = {isa = PBXFileReference; fileEncoding = 4; lastKnownFileType = sourcecode.c.h; name = "NSData+CRC8.h"; path = "Bluetooth/NSData+CRC8.h"; sourceTree = "<group>"; };
		C6822DA51DB1616300D08393 /* NSData+CRC8.m */ = {isa = PBXFileReference; fileEncoding = 4; lastKnownFileType = sourcecode.c.objc; name = "NSData+CRC8.m"; path = "Bluetooth/NSData+CRC8.m"; sourceTree = "<group>"; };
		C6822DA61DB1616300D08393 /* NSData+SLIP.h */ = {isa = PBXFileReference; fileEncoding = 4; lastKnownFileType = sourcecode.c.h; name = "NSData+SLIP.h"; path = "Bluetooth/NSData+SLIP.h"; sourceTree = "<group>"; };
		C6822DA71DB1616300D08393 /* NSData+SLIP.m */ = {isa = PBXFileReference; fileEncoding = 4; lastKnownFileType = sourcecode.c.objc; name = "NSData+SLIP.m"; path = "Bluetooth/NSData+SLIP.m"; sourceTree = "<group>"; };
		C6822DA81DB1616300D08393 /* SimbleeManager.swift */ = {isa = PBXFileReference; fileEncoding = 4; lastKnownFileType = sourcecode.swift; name = SimbleeManager.swift; path = Bluetooth/SimbleeManager.swift; sourceTree = "<group>"; };
		C6822DA91DB1616300D08393 /* SLIPBuffer.swift */ = {isa = PBXFileReference; fileEncoding = 4; lastKnownFileType = sourcecode.swift; name = SLIPBuffer.swift; path = Bluetooth/SLIPBuffer.swift; sourceTree = "<group>"; };
		C6822DB01DB1618400D08393 /* CRC.swift */ = {isa = PBXFileReference; fileEncoding = 4; lastKnownFileType = sourcecode.swift; name = CRC.swift; path = Model/CRC.swift; sourceTree = "<group>"; };
		C6822DB11DB1618400D08393 /* LibreSensor.swift */ = {isa = PBXFileReference; fileEncoding = 4; lastKnownFileType = sourcecode.swift; name = LibreSensor.swift; path = Model/LibreSensor.swift; sourceTree = "<group>"; };
		C6822DB21DB1618400D08393 /* Measurement.swift */ = {isa = PBXFileReference; fileEncoding = 4; lastKnownFileType = sourcecode.swift; name = Measurement.swift; path = Model/Measurement.swift; sourceTree = "<group>"; };
		C6822DB31DB1618400D08393 /* SensorData.swift */ = {isa = PBXFileReference; fileEncoding = 4; lastKnownFileType = sourcecode.swift; name = SensorData.swift; path = Model/SensorData.swift; sourceTree = "<group>"; };
		C6822DB41DB1618400D08393 /* SensorState.swift */ = {isa = PBXFileReference; fileEncoding = 4; lastKnownFileType = sourcecode.swift; name = SensorState.swift; path = Model/SensorState.swift; sourceTree = "<group>"; };
		C6822DBB1DB161AB00D08393 /* AdjustmentsTableViewController.swift */ = {isa = PBXFileReference; fileEncoding = 4; lastKnownFileType = sourcecode.swift; name = AdjustmentsTableViewController.swift; path = ViewControllers/AdjustmentsTableViewController.swift; sourceTree = "<group>"; };
		C6822DBC1DB161AB00D08393 /* BloodSugarTableViewController.swift */ = {isa = PBXFileReference; fileEncoding = 4; lastKnownFileType = sourcecode.swift; name = BloodSugarTableViewController.swift; path = ViewControllers/BloodSugarTableViewController.swift; sourceTree = "<group>"; };
		C6822DC01DB161C700D08393 /* BloodSugarGraphView.swift */ = {isa = PBXFileReference; fileEncoding = 4; lastKnownFileType = sourcecode.swift; name = BloodSugarGraphView.swift; path = Views/BloodSugarGraphView.swift; sourceTree = "<group>"; };
		C6822DC11DB161C700D08393 /* BloodSugarGraphViewTableViewCell.swift */ = {isa = PBXFileReference; fileEncoding = 4; lastKnownFileType = sourcecode.swift; name = BloodSugarGraphViewTableViewCell.swift; path = Views/BloodSugarGraphViewTableViewCell.swift; sourceTree = "<group>"; };
		C6822DC41DB161F900D08393 /* LibreMonitorTestSensorData.swift */ = {isa = PBXFileReference; fileEncoding = 4; lastKnownFileType = sourcecode.swift; path = LibreMonitorTestSensorData.swift; sourceTree = "<group>"; };
		C6822DC71DB162E900D08393 /* CoreDataStack.swift */ = {isa = PBXFileReference; fileEncoding = 4; lastKnownFileType = sourcecode.swift; name = CoreDataStack.swift; path = ModelCoreData/CoreDataStack.swift; sourceTree = "<group>"; };
		C6822DCB1DB1631D00D08393 /* BloodGlucose+CoreDataClass.swift */ = {isa = PBXFileReference; fileEncoding = 4; lastKnownFileType = sourcecode.swift; path = "BloodGlucose+CoreDataClass.swift"; sourceTree = "<group>"; };
		C6822DCC1DB1631D00D08393 /* BloodGlucose+CoreDataProperties.swift */ = {isa = PBXFileReference; fileEncoding = 4; lastKnownFileType = sourcecode.swift; path = "BloodGlucose+CoreDataProperties.swift"; sourceTree = "<group>"; };
		C6822DCD1DB1631D00D08393 /* Reader+CoreDataClass.swift */ = {isa = PBXFileReference; fileEncoding = 4; lastKnownFileType = sourcecode.swift; path = "Reader+CoreDataClass.swift"; sourceTree = "<group>"; };
		C6822DCE1DB1631D00D08393 /* Reader+CoreDataProperties.swift */ = {isa = PBXFileReference; fileEncoding = 4; lastKnownFileType = sourcecode.swift; path = "Reader+CoreDataProperties.swift"; sourceTree = "<group>"; };
		C6822DCF1DB1631D00D08393 /* Sensor+CoreDataClass.swift */ = {isa = PBXFileReference; fileEncoding = 4; lastKnownFileType = sourcecode.swift; path = "Sensor+CoreDataClass.swift"; sourceTree = "<group>"; };
		C6822DD01DB1631D00D08393 /* Sensor+CoreDataProperties.swift */ = {isa = PBXFileReference; fileEncoding = 4; lastKnownFileType = sourcecode.swift; path = "Sensor+CoreDataProperties.swift"; sourceTree = "<group>"; };
		C6822DD11DB1631D00D08393 /* HeaderData+CoreDataClass.swift */ = {isa = PBXFileReference; fileEncoding = 4; lastKnownFileType = sourcecode.swift; path = "HeaderData+CoreDataClass.swift"; sourceTree = "<group>"; };
		C6822DD21DB1631D00D08393 /* HeaderData+CoreDataProperties.swift */ = {isa = PBXFileReference; fileEncoding = 4; lastKnownFileType = sourcecode.swift; path = "HeaderData+CoreDataProperties.swift"; sourceTree = "<group>"; };
/* End PBXFileReference section */

/* Begin PBXFrameworksBuildPhase section */
		C6822D5F1DB13F2200D08393 /* Frameworks */ = {
			isa = PBXFrameworksBuildPhase;
			buildActionMask = 2147483647;
			files = (
				69FDC1303E6489565921E4A6 /* Pods_LibreMonitor.framework in Frameworks */,
			);
			runOnlyForDeploymentPostprocessing = 0;
		};
		C6822D781DB13F2200D08393 /* Frameworks */ = {
			isa = PBXFrameworksBuildPhase;
			buildActionMask = 2147483647;
			files = (
			);
			runOnlyForDeploymentPostprocessing = 0;
		};
		C6822D831DB13F2200D08393 /* Frameworks */ = {
			isa = PBXFrameworksBuildPhase;
			buildActionMask = 2147483647;
			files = (
			);
			runOnlyForDeploymentPostprocessing = 0;
		};
/* End PBXFrameworksBuildPhase section */

/* Begin PBXGroup section */
		166A14033CF73C8403F412FE /* Pods */ = {
			isa = PBXGroup;
			children = (
				78357CD688DDCBBBDD7053AB /* Pods-LibreMonitor.debug.xcconfig */,
				99833A11B1A7E133C492561A /* Pods-LibreMonitor.release.xcconfig */,
			);
			name = Pods;
			sourceTree = "<group>";
		};
		2A07BB10040FF642D4F98D72 /* Frameworks */ = {
			isa = PBXGroup;
			children = (
				9578AF4B930F6BF4892D4005 /* Pods_LibreMonitor.framework */,
			);
			name = Frameworks;
			sourceTree = "<group>";
		};
		C6822D591DB13F2200D08393 = {
			isa = PBXGroup;
			children = (
				C6822D641DB13F2200D08393 /* LibreMonitor */,
				C6822D7E1DB13F2200D08393 /* LibreMonitorTests */,
				C6822D891DB13F2200D08393 /* LibreMonitorUITests */,
				C6822D631DB13F2200D08393 /* Products */,
				166A14033CF73C8403F412FE /* Pods */,
				2A07BB10040FF642D4F98D72 /* Frameworks */,
			);
			sourceTree = "<group>";
		};
		C6822D631DB13F2200D08393 /* Products */ = {
			isa = PBXGroup;
			children = (
				C6822D621DB13F2200D08393 /* LibreMonitor.app */,
				C6822D7B1DB13F2200D08393 /* LibreMonitorTests.xctest */,
				C6822D861DB13F2200D08393 /* LibreMonitorUITests.xctest */,
			);
			name = Products;
			sourceTree = "<group>";
		};
		C6822D641DB13F2200D08393 /* LibreMonitor */ = {
			isa = PBXGroup;
			children = (
				C6822DC61DB162D600D08393 /* ModelCoreData */,
				C6822DBF1DB161B300D08393 /* Views */,
				C6822DBA1DB1619100D08393 /* ViewControllers */,
				C6822DAF1DB1617400D08393 /* Model */,
				C6822DA01DB1614C00D08393 /* Bluetooth */,
				C6822D981DB160BD00D08393 /* Simblee */,
				C6822D651DB13F2200D08393 /* AppDelegate.swift */,
				C6822D6A1DB13F2200D08393 /* MasterViewController.swift */,
				C6822D6C1DB13F2200D08393 /* DetailViewController.swift */,
				C6822D6E1DB13F2200D08393 /* Main.storyboard */,
				C6822D711DB13F2200D08393 /* Assets.xcassets */,
				C6822D731DB13F2200D08393 /* LaunchScreen.storyboard */,
				C6822D761DB13F2200D08393 /* Info.plist */,
				C6822D671DB13F2200D08393 /* LibreMonitor.xcdatamodeld */,
			);
			path = LibreMonitor;
			sourceTree = "<group>";
		};
		C6822D7E1DB13F2200D08393 /* LibreMonitorTests */ = {
			isa = PBXGroup;
			children = (
				C6822DC41DB161F900D08393 /* LibreMonitorTestSensorData.swift */,
				C6822D7F1DB13F2200D08393 /* LibreMonitorTests.swift */,
				C6822D811DB13F2200D08393 /* Info.plist */,
			);
			path = LibreMonitorTests;
			sourceTree = "<group>";
		};
		C6822D891DB13F2200D08393 /* LibreMonitorUITests */ = {
			isa = PBXGroup;
			children = (
				C6822D8A1DB13F2200D08393 /* LibreMonitorUITests.swift */,
				C6822D8C1DB13F2200D08393 /* Info.plist */,
			);
			path = LibreMonitorUITests;
			sourceTree = "<group>";
		};
		C6822D981DB160BD00D08393 /* Simblee */ = {
			isa = PBXGroup;
			children = (
				C6822D9A1DB160DF00D08393 /* crc8.h */,
				C6822D9B1DB160DF00D08393 /* crc8.m */,
				C6822D9C1DB160DF00D08393 /* libUBP.h */,
				C6822D9D1DB160DF00D08393 /* libUBP.m */,
				C6822D991DB160DF00D08393 /* LibreMonitor-Bridging-Header.h */,
			);
			name = Simblee;
			sourceTree = "<group>";
		};
		C6822DA01DB1614C00D08393 /* Bluetooth */ = {
			isa = PBXGroup;
			children = (
				C6822DA11DB1616300D08393 /* constants.h */,
				C6822DA21DB1616300D08393 /* data_types.h */,
				C6822DA31DB1616300D08393 /* Data_types+Extensions.swift */,
				C6822DA41DB1616300D08393 /* NSData+CRC8.h */,
				C6822DA51DB1616300D08393 /* NSData+CRC8.m */,
				C6822DA61DB1616300D08393 /* NSData+SLIP.h */,
				C6822DA71DB1616300D08393 /* NSData+SLIP.m */,
				C6822DA81DB1616300D08393 /* SimbleeManager.swift */,
				C6822DA91DB1616300D08393 /* SLIPBuffer.swift */,
			);
			name = Bluetooth;
			sourceTree = "<group>";
		};
		C6822DAF1DB1617400D08393 /* Model */ = {
			isa = PBXGroup;
			children = (
				C6822DB01DB1618400D08393 /* CRC.swift */,
				C6822DB11DB1618400D08393 /* LibreSensor.swift */,
				C6822DB21DB1618400D08393 /* Measurement.swift */,
				C6822DB31DB1618400D08393 /* SensorData.swift */,
				C6822DB41DB1618400D08393 /* SensorState.swift */,
			);
			name = Model;
			sourceTree = "<group>";
		};
		C6822DBA1DB1619100D08393 /* ViewControllers */ = {
			isa = PBXGroup;
			children = (
				C6822DBB1DB161AB00D08393 /* AdjustmentsTableViewController.swift */,
				C6822DBC1DB161AB00D08393 /* BloodSugarTableViewController.swift */,
			);
			name = ViewControllers;
			sourceTree = "<group>";
		};
		C6822DBF1DB161B300D08393 /* Views */ = {
			isa = PBXGroup;
			children = (
				C6822DC01DB161C700D08393 /* BloodSugarGraphView.swift */,
				C6822DC11DB161C700D08393 /* BloodSugarGraphViewTableViewCell.swift */,
			);
			name = Views;
			sourceTree = "<group>";
		};
		C6822DC61DB162D600D08393 /* ModelCoreData */ = {
			isa = PBXGroup;
			children = (
				C6822DCB1DB1631D00D08393 /* BloodGlucose+CoreDataClass.swift */,
				C6822DCC1DB1631D00D08393 /* BloodGlucose+CoreDataProperties.swift */,
				C6822DCD1DB1631D00D08393 /* Reader+CoreDataClass.swift */,
				C6822DCE1DB1631D00D08393 /* Reader+CoreDataProperties.swift */,
				C6822DCF1DB1631D00D08393 /* Sensor+CoreDataClass.swift */,
				C6822DD01DB1631D00D08393 /* Sensor+CoreDataProperties.swift */,
				C6822DD11DB1631D00D08393 /* HeaderData+CoreDataClass.swift */,
				C6822DD21DB1631D00D08393 /* HeaderData+CoreDataProperties.swift */,
				C6822DC71DB162E900D08393 /* CoreDataStack.swift */,
			);
			name = ModelCoreData;
			sourceTree = "<group>";
		};
/* End PBXGroup section */

/* Begin PBXNativeTarget section */
		C6822D611DB13F2200D08393 /* LibreMonitor */ = {
			isa = PBXNativeTarget;
			buildConfigurationList = C6822D8F1DB13F2200D08393 /* Build configuration list for PBXNativeTarget "LibreMonitor" */;
			buildPhases = (
				DE0CBC7B1E819BE47A91AB17 /* Check Pods Manifest.lock */,
				C6822D5E1DB13F2200D08393 /* Sources */,
				C6822D5F1DB13F2200D08393 /* Frameworks */,
				C6822D601DB13F2200D08393 /* Resources */,
				FCF7B84F90DC53FF57D326D2 /* Embed Pods Frameworks */,
				53894AC5C4CBED0A0671EE92 /* Copy Pods Resources */,
			);
			buildRules = (
			);
			dependencies = (
			);
			name = LibreMonitor;
			productName = LibreMonitor;
			productReference = C6822D621DB13F2200D08393 /* LibreMonitor.app */;
			productType = "com.apple.product-type.application";
		};
		C6822D7A1DB13F2200D08393 /* LibreMonitorTests */ = {
			isa = PBXNativeTarget;
			buildConfigurationList = C6822D921DB13F2200D08393 /* Build configuration list for PBXNativeTarget "LibreMonitorTests" */;
			buildPhases = (
				C6822D771DB13F2200D08393 /* Sources */,
				C6822D781DB13F2200D08393 /* Frameworks */,
				C6822D791DB13F2200D08393 /* Resources */,
			);
			buildRules = (
			);
			dependencies = (
				C6822D7D1DB13F2200D08393 /* PBXTargetDependency */,
			);
			name = LibreMonitorTests;
			productName = LibreMonitorTests;
			productReference = C6822D7B1DB13F2200D08393 /* LibreMonitorTests.xctest */;
			productType = "com.apple.product-type.bundle.unit-test";
		};
		C6822D851DB13F2200D08393 /* LibreMonitorUITests */ = {
			isa = PBXNativeTarget;
			buildConfigurationList = C6822D951DB13F2200D08393 /* Build configuration list for PBXNativeTarget "LibreMonitorUITests" */;
			buildPhases = (
				C6822D821DB13F2200D08393 /* Sources */,
				C6822D831DB13F2200D08393 /* Frameworks */,
				C6822D841DB13F2200D08393 /* Resources */,
			);
			buildRules = (
			);
			dependencies = (
				C6822D881DB13F2200D08393 /* PBXTargetDependency */,
			);
			name = LibreMonitorUITests;
			productName = LibreMonitorUITests;
			productReference = C6822D861DB13F2200D08393 /* LibreMonitorUITests.xctest */;
			productType = "com.apple.product-type.bundle.ui-testing";
		};
/* End PBXNativeTarget section */

/* Begin PBXProject section */
		C6822D5A1DB13F2200D08393 /* Project object */ = {
			isa = PBXProject;
			attributes = {
				LastSwiftUpdateCheck = 0800;
				LastUpgradeCheck = 0800;
				ORGANIZATIONNAME = "Uwe Petersen";
				TargetAttributes = {
					C6822D611DB13F2200D08393 = {
						CreatedOnToolsVersion = 8.0;
						DevelopmentTeam = 26F6YWJYL8;
						LastSwiftMigration = 0800;
						ProvisioningStyle = Automatic;
						SystemCapabilities = {
							com.apple.BackgroundModes = {
								enabled = 1;
							};
						};
					};
					C6822D7A1DB13F2200D08393 = {
						CreatedOnToolsVersion = 8.0;
						DevelopmentTeam = 26F6YWJYL8;
						LastSwiftMigration = 0800;
						ProvisioningStyle = Automatic;
						TestTargetID = C6822D611DB13F2200D08393;
					};
					C6822D851DB13F2200D08393 = {
						CreatedOnToolsVersion = 8.0;
						DevelopmentTeam = 26F6YWJYL8;
						LastSwiftMigration = 0800;
						ProvisioningStyle = Automatic;
						TestTargetID = C6822D611DB13F2200D08393;
					};
				};
			};
			buildConfigurationList = C6822D5D1DB13F2200D08393 /* Build configuration list for PBXProject "LibreMonitor" */;
			compatibilityVersion = "Xcode 3.2";
			developmentRegion = English;
			hasScannedForEncodings = 0;
			knownRegions = (
				en,
				Base,
			);
			mainGroup = C6822D591DB13F2200D08393;
			productRefGroup = C6822D631DB13F2200D08393 /* Products */;
			projectDirPath = "";
			projectRoot = "";
			targets = (
				C6822D611DB13F2200D08393 /* LibreMonitor */,
				C6822D7A1DB13F2200D08393 /* LibreMonitorTests */,
				C6822D851DB13F2200D08393 /* LibreMonitorUITests */,
			);
		};
/* End PBXProject section */

/* Begin PBXResourcesBuildPhase section */
		C6822D601DB13F2200D08393 /* Resources */ = {
			isa = PBXResourcesBuildPhase;
			buildActionMask = 2147483647;
			files = (
				C6822D751DB13F2200D08393 /* LaunchScreen.storyboard in Resources */,
				C6822D721DB13F2200D08393 /* Assets.xcassets in Resources */,
				C6822D701DB13F2200D08393 /* Main.storyboard in Resources */,
			);
			runOnlyForDeploymentPostprocessing = 0;
		};
		C6822D791DB13F2200D08393 /* Resources */ = {
			isa = PBXResourcesBuildPhase;
			buildActionMask = 2147483647;
			files = (
			);
			runOnlyForDeploymentPostprocessing = 0;
		};
		C6822D841DB13F2200D08393 /* Resources */ = {
			isa = PBXResourcesBuildPhase;
			buildActionMask = 2147483647;
			files = (
			);
			runOnlyForDeploymentPostprocessing = 0;
		};
/* End PBXResourcesBuildPhase section */

/* Begin PBXShellScriptBuildPhase section */
		53894AC5C4CBED0A0671EE92 /* Copy Pods Resources */ = {
			isa = PBXShellScriptBuildPhase;
			buildActionMask = 2147483647;
			files = (
			);
			inputPaths = (
			);
			name = "Copy Pods Resources";
			outputPaths = (
			);
			runOnlyForDeploymentPostprocessing = 0;
			shellPath = /bin/sh;
			shellScript = "\"${SRCROOT}/Pods/Target Support Files/Pods-LibreMonitor/Pods-LibreMonitor-resources.sh\"\n";
			showEnvVarsInLog = 0;
		};
		DE0CBC7B1E819BE47A91AB17 /* Check Pods Manifest.lock */ = {
			isa = PBXShellScriptBuildPhase;
			buildActionMask = 2147483647;
			files = (
			);
			inputPaths = (
			);
			name = "Check Pods Manifest.lock";
			outputPaths = (
			);
			runOnlyForDeploymentPostprocessing = 0;
			shellPath = /bin/sh;
			shellScript = "diff \"${PODS_ROOT}/../Podfile.lock\" \"${PODS_ROOT}/Manifest.lock\" > /dev/null\nif [[ $? != 0 ]] ; then\n    cat << EOM\nerror: The sandbox is not in sync with the Podfile.lock. Run 'pod install' or update your CocoaPods installation.\nEOM\n    exit 1\nfi\n";
			showEnvVarsInLog = 0;
		};
		FCF7B84F90DC53FF57D326D2 /* Embed Pods Frameworks */ = {
			isa = PBXShellScriptBuildPhase;
			buildActionMask = 2147483647;
			files = (
			);
			inputPaths = (
			);
			name = "Embed Pods Frameworks";
			outputPaths = (
			);
			runOnlyForDeploymentPostprocessing = 0;
			shellPath = /bin/sh;
			shellScript = "\"${SRCROOT}/Pods/Target Support Files/Pods-LibreMonitor/Pods-LibreMonitor-frameworks.sh\"\n";
			showEnvVarsInLog = 0;
		};
/* End PBXShellScriptBuildPhase section */

/* Begin PBXSourcesBuildPhase section */
		C6822D5E1DB13F2200D08393 /* Sources */ = {
			isa = PBXSourcesBuildPhase;
			buildActionMask = 2147483647;
			files = (
				C6822DDA1DB1631D00D08393 /* Sensor+CoreDataProperties.swift in Sources */,
				C6822DC81DB162E900D08393 /* CoreDataStack.swift in Sources */,
				C6822DC21DB161C700D08393 /* BloodSugarGraphView.swift in Sources */,
				C6822DD81DB1631D00D08393 /* Reader+CoreDataProperties.swift in Sources */,
				C6822DD51DB1631D00D08393 /* BloodGlucose+CoreDataClass.swift in Sources */,
				C6822DDC1DB1631D00D08393 /* HeaderData+CoreDataProperties.swift in Sources */,
				C6822D9E1DB160DF00D08393 /* crc8.m in Sources */,
				C6822DAC1DB1616300D08393 /* NSData+SLIP.m in Sources */,
				C6822D661DB13F2200D08393 /* AppDelegate.swift in Sources */,
				C6822DB61DB1618400D08393 /* LibreSensor.swift in Sources */,
				C6822D691DB13F2200D08393 /* LibreMonitor.xcdatamodeld in Sources */,
				C6822DD61DB1631D00D08393 /* BloodGlucose+CoreDataProperties.swift in Sources */,
				C6822D6B1DB13F2200D08393 /* MasterViewController.swift in Sources */,
				C6822DC31DB161C700D08393 /* BloodSugarGraphViewTableViewCell.swift in Sources */,
				C6822DB71DB1618400D08393 /* Measurement.swift in Sources */,
				C6822DB91DB1618400D08393 /* SensorState.swift in Sources */,
				C6822DDB1DB1631D00D08393 /* HeaderData+CoreDataClass.swift in Sources */,
				C6822DD71DB1631D00D08393 /* Reader+CoreDataClass.swift in Sources */,
				C6822D6D1DB13F2200D08393 /* DetailViewController.swift in Sources */,
				C6822DB81DB1618400D08393 /* SensorData.swift in Sources */,
				C6822DBD1DB161AB00D08393 /* AdjustmentsTableViewController.swift in Sources */,
				C6822DBE1DB161AB00D08393 /* BloodSugarTableViewController.swift in Sources */,
				C6822D9F1DB160DF00D08393 /* libUBP.m in Sources */,
				C6822DAD1DB1616300D08393 /* SimbleeManager.swift in Sources */,
				C6822DB51DB1618400D08393 /* CRC.swift in Sources */,
				C6822DAE1DB1616300D08393 /* SLIPBuffer.swift in Sources */,
				C6822DAB1DB1616300D08393 /* NSData+CRC8.m in Sources */,
				C6822DAA1DB1616300D08393 /* Data_types+Extensions.swift in Sources */,
				C6822DD91DB1631D00D08393 /* Sensor+CoreDataClass.swift in Sources */,
			);
			runOnlyForDeploymentPostprocessing = 0;
		};
		C6822D771DB13F2200D08393 /* Sources */ = {
			isa = PBXSourcesBuildPhase;
			buildActionMask = 2147483647;
			files = (
				C6822DC51DB161F900D08393 /* LibreMonitorTestSensorData.swift in Sources */,
				C6822D801DB13F2200D08393 /* LibreMonitorTests.swift in Sources */,
			);
			runOnlyForDeploymentPostprocessing = 0;
		};
		C6822D821DB13F2200D08393 /* Sources */ = {
			isa = PBXSourcesBuildPhase;
			buildActionMask = 2147483647;
			files = (
				C6822D8B1DB13F2200D08393 /* LibreMonitorUITests.swift in Sources */,
			);
			runOnlyForDeploymentPostprocessing = 0;
		};
/* End PBXSourcesBuildPhase section */

/* Begin PBXTargetDependency section */
		C6822D7D1DB13F2200D08393 /* PBXTargetDependency */ = {
			isa = PBXTargetDependency;
			target = C6822D611DB13F2200D08393 /* LibreMonitor */;
			targetProxy = C6822D7C1DB13F2200D08393 /* PBXContainerItemProxy */;
		};
		C6822D881DB13F2200D08393 /* PBXTargetDependency */ = {
			isa = PBXTargetDependency;
			target = C6822D611DB13F2200D08393 /* LibreMonitor */;
			targetProxy = C6822D871DB13F2200D08393 /* PBXContainerItemProxy */;
		};
/* End PBXTargetDependency section */

/* Begin PBXVariantGroup section */
		C6822D6E1DB13F2200D08393 /* Main.storyboard */ = {
			isa = PBXVariantGroup;
			children = (
				C6822D6F1DB13F2200D08393 /* Base */,
			);
			name = Main.storyboard;
			sourceTree = "<group>";
		};
		C6822D731DB13F2200D08393 /* LaunchScreen.storyboard */ = {
			isa = PBXVariantGroup;
			children = (
				C6822D741DB13F2200D08393 /* Base */,
			);
			name = LaunchScreen.storyboard;
			sourceTree = "<group>";
		};
/* End PBXVariantGroup section */

/* Begin XCBuildConfiguration section */
		C6822D8D1DB13F2200D08393 /* Debug */ = {
			isa = XCBuildConfiguration;
			buildSettings = {
				ALWAYS_SEARCH_USER_PATHS = NO;
				CLANG_ANALYZER_NONNULL = YES;
				CLANG_CXX_LANGUAGE_STANDARD = "gnu++0x";
				CLANG_CXX_LIBRARY = "libc++";
				CLANG_ENABLE_MODULES = YES;
				CLANG_ENABLE_OBJC_ARC = YES;
				CLANG_WARN_BOOL_CONVERSION = YES;
				CLANG_WARN_CONSTANT_CONVERSION = YES;
				CLANG_WARN_DIRECT_OBJC_ISA_USAGE = YES_ERROR;
				CLANG_WARN_DOCUMENTATION_COMMENTS = YES;
				CLANG_WARN_EMPTY_BODY = YES;
				CLANG_WARN_ENUM_CONVERSION = YES;
				CLANG_WARN_INFINITE_RECURSION = YES;
				CLANG_WARN_INT_CONVERSION = YES;
				CLANG_WARN_OBJC_ROOT_CLASS = YES_ERROR;
				CLANG_WARN_SUSPICIOUS_MOVE = YES;
				CLANG_WARN_SUSPICIOUS_MOVES = YES;
				CLANG_WARN_UNREACHABLE_CODE = YES;
				CLANG_WARN__DUPLICATE_METHOD_MATCH = YES;
				"CODE_SIGN_IDENTITY[sdk=iphoneos*]" = "iPhone Developer";
				COPY_PHASE_STRIP = NO;
				DEBUG_INFORMATION_FORMAT = dwarf;
				ENABLE_STRICT_OBJC_MSGSEND = YES;
				ENABLE_TESTABILITY = YES;
				GCC_C_LANGUAGE_STANDARD = gnu99;
				GCC_DYNAMIC_NO_PIC = NO;
				GCC_NO_COMMON_BLOCKS = YES;
				GCC_OPTIMIZATION_LEVEL = 0;
				GCC_PREPROCESSOR_DEFINITIONS = (
					"DEBUG=1",
					"$(inherited)",
				);
				GCC_WARN_64_TO_32_BIT_CONVERSION = YES;
				GCC_WARN_ABOUT_RETURN_TYPE = YES_ERROR;
				GCC_WARN_UNDECLARED_SELECTOR = YES;
				GCC_WARN_UNINITIALIZED_AUTOS = YES_AGGRESSIVE;
				GCC_WARN_UNUSED_FUNCTION = YES;
				GCC_WARN_UNUSED_VARIABLE = YES;
				IPHONEOS_DEPLOYMENT_TARGET = 10.0;
				MTL_ENABLE_DEBUG_INFO = YES;
				ONLY_ACTIVE_ARCH = YES;
				SDKROOT = iphoneos;
				SWIFT_ACTIVE_COMPILATION_CONDITIONS = DEBUG;
				SWIFT_OPTIMIZATION_LEVEL = "-Onone";
				TARGETED_DEVICE_FAMILY = "1,2";
			};
			name = Debug;
		};
		C6822D8E1DB13F2200D08393 /* Release */ = {
			isa = XCBuildConfiguration;
			buildSettings = {
				ALWAYS_SEARCH_USER_PATHS = NO;
				CLANG_ANALYZER_NONNULL = YES;
				CLANG_CXX_LANGUAGE_STANDARD = "gnu++0x";
				CLANG_CXX_LIBRARY = "libc++";
				CLANG_ENABLE_MODULES = YES;
				CLANG_ENABLE_OBJC_ARC = YES;
				CLANG_WARN_BOOL_CONVERSION = YES;
				CLANG_WARN_CONSTANT_CONVERSION = YES;
				CLANG_WARN_DIRECT_OBJC_ISA_USAGE = YES_ERROR;
				CLANG_WARN_DOCUMENTATION_COMMENTS = YES;
				CLANG_WARN_EMPTY_BODY = YES;
				CLANG_WARN_ENUM_CONVERSION = YES;
				CLANG_WARN_INFINITE_RECURSION = YES;
				CLANG_WARN_INT_CONVERSION = YES;
				CLANG_WARN_OBJC_ROOT_CLASS = YES_ERROR;
				CLANG_WARN_SUSPICIOUS_MOVE = YES;
				CLANG_WARN_SUSPICIOUS_MOVES = YES;
				CLANG_WARN_UNREACHABLE_CODE = YES;
				CLANG_WARN__DUPLICATE_METHOD_MATCH = YES;
				"CODE_SIGN_IDENTITY[sdk=iphoneos*]" = "iPhone Developer";
				COPY_PHASE_STRIP = NO;
				DEBUG_INFORMATION_FORMAT = "dwarf-with-dsym";
				ENABLE_NS_ASSERTIONS = NO;
				ENABLE_STRICT_OBJC_MSGSEND = YES;
				GCC_C_LANGUAGE_STANDARD = gnu99;
				GCC_NO_COMMON_BLOCKS = YES;
				GCC_WARN_64_TO_32_BIT_CONVERSION = YES;
				GCC_WARN_ABOUT_RETURN_TYPE = YES_ERROR;
				GCC_WARN_UNDECLARED_SELECTOR = YES;
				GCC_WARN_UNINITIALIZED_AUTOS = YES_AGGRESSIVE;
				GCC_WARN_UNUSED_FUNCTION = YES;
				GCC_WARN_UNUSED_VARIABLE = YES;
				IPHONEOS_DEPLOYMENT_TARGET = 10.0;
				MTL_ENABLE_DEBUG_INFO = NO;
				SDKROOT = iphoneos;
				SWIFT_OPTIMIZATION_LEVEL = "-Owholemodule";
				TARGETED_DEVICE_FAMILY = "1,2";
				VALIDATE_PRODUCT = YES;
			};
			name = Release;
		};
		C6822D901DB13F2200D08393 /* Debug */ = {
			isa = XCBuildConfiguration;
			baseConfigurationReference = 78357CD688DDCBBBDD7053AB /* Pods-LibreMonitor.debug.xcconfig */;
			buildSettings = {
				ALWAYS_EMBED_SWIFT_STANDARD_LIBRARIES = YES;
				ASSETCATALOG_COMPILER_APPICON_NAME = AppIcon;
				CLANG_ENABLE_MODULES = YES;
				DEVELOPMENT_TEAM = 26F6YWJYL8;
				INFOPLIST_FILE = LibreMonitor/Info.plist;
				LD_RUNPATH_SEARCH_PATHS = "$(inherited) @executable_path/Frameworks";
				PRODUCT_BUNDLE_IDENTIFIER = UPP.LibreMonitor;
				PRODUCT_NAME = "$(TARGET_NAME)";
				SWIFT_OBJC_BRIDGING_HEADER = "LibreMonitor/LibreMonitor-Bridging-Header.h";
				SWIFT_OPTIMIZATION_LEVEL = "-Onone";
				SWIFT_VERSION = 3.0;
			};
			name = Debug;
		};
		C6822D911DB13F2200D08393 /* Release */ = {
			isa = XCBuildConfiguration;
			baseConfigurationReference = 99833A11B1A7E133C492561A /* Pods-LibreMonitor.release.xcconfig */;
			buildSettings = {
				ALWAYS_EMBED_SWIFT_STANDARD_LIBRARIES = YES;
				ASSETCATALOG_COMPILER_APPICON_NAME = AppIcon;
				CLANG_ENABLE_MODULES = YES;
				DEVELOPMENT_TEAM = 26F6YWJYL8;
				INFOPLIST_FILE = LibreMonitor/Info.plist;
				LD_RUNPATH_SEARCH_PATHS = "$(inherited) @executable_path/Frameworks";
				PRODUCT_BUNDLE_IDENTIFIER = UPP.LibreMonitor;
				PRODUCT_NAME = "$(TARGET_NAME)";
				SWIFT_OBJC_BRIDGING_HEADER = "LibreMonitor/LibreMonitor-Bridging-Header.h";
				SWIFT_VERSION = 3.0;
			};
			name = Release;
		};
		C6822D931DB13F2200D08393 /* Debug */ = {
			isa = XCBuildConfiguration;
			buildSettings = {
				ALWAYS_EMBED_SWIFT_STANDARD_LIBRARIES = YES;
				BUNDLE_LOADER = "$(TEST_HOST)";
				DEVELOPMENT_TEAM = 26F6YWJYL8;
				INFOPLIST_FILE = LibreMonitorTests/Info.plist;
				LD_RUNPATH_SEARCH_PATHS = "$(inherited) @executable_path/Frameworks @loader_path/Frameworks";
				NEW_SETTING = "";
				PRODUCT_BUNDLE_IDENTIFIER = UPP.LibreMonitorTests;
				PRODUCT_NAME = "$(TARGET_NAME)";
				SWIFT_VERSION = 3.0;
				TEST_HOST = "$(BUILT_PRODUCTS_DIR)/LibreMonitor.app/LibreMonitor";
			};
			name = Debug;
		};
		C6822D941DB13F2200D08393 /* Release */ = {
			isa = XCBuildConfiguration;
			buildSettings = {
				ALWAYS_EMBED_SWIFT_STANDARD_LIBRARIES = YES;
				BUNDLE_LOADER = "$(TEST_HOST)";
				DEVELOPMENT_TEAM = 26F6YWJYL8;
				INFOPLIST_FILE = LibreMonitorTests/Info.plist;
				LD_RUNPATH_SEARCH_PATHS = "$(inherited) @executable_path/Frameworks @loader_path/Frameworks";
				NEW_SETTING = "";
				PRODUCT_BUNDLE_IDENTIFIER = UPP.LibreMonitorTests;
				PRODUCT_NAME = "$(TARGET_NAME)";
				SWIFT_VERSION = 3.0;
				TEST_HOST = "$(BUILT_PRODUCTS_DIR)/LibreMonitor.app/LibreMonitor";
			};
			name = Release;
		};
		C6822D961DB13F2200D08393 /* Debug */ = {
			isa = XCBuildConfiguration;
			buildSettings = {
				ALWAYS_EMBED_SWIFT_STANDARD_LIBRARIES = YES;
				DEVELOPMENT_TEAM = 26F6YWJYL8;
				INFOPLIST_FILE = LibreMonitorUITests/Info.plist;
				LD_RUNPATH_SEARCH_PATHS = "$(inherited) @executable_path/Frameworks @loader_path/Frameworks";
				PRODUCT_BUNDLE_IDENTIFIER = UPP.LibreMonitorUITests;
				PRODUCT_NAME = "$(TARGET_NAME)";
				SWIFT_VERSION = 3.0;
				TEST_TARGET_NAME = LibreMonitor;
			};
			name = Debug;
		};
		C6822D971DB13F2200D08393 /* Release */ = {
			isa = XCBuildConfiguration;
			buildSettings = {
				ALWAYS_EMBED_SWIFT_STANDARD_LIBRARIES = YES;
				DEVELOPMENT_TEAM = 26F6YWJYL8;
				INFOPLIST_FILE = LibreMonitorUITests/Info.plist;
				LD_RUNPATH_SEARCH_PATHS = "$(inherited) @executable_path/Frameworks @loader_path/Frameworks";
				PRODUCT_BUNDLE_IDENTIFIER = UPP.LibreMonitorUITests;
				PRODUCT_NAME = "$(TARGET_NAME)";
				SWIFT_VERSION = 3.0;
				TEST_TARGET_NAME = LibreMonitor;
			};
			name = Release;
		};
/* End XCBuildConfiguration section */

/* Begin XCConfigurationList section */
		C6822D5D1DB13F2200D08393 /* Build configuration list for PBXProject "LibreMonitor" */ = {
			isa = XCConfigurationList;
			buildConfigurations = (
				C6822D8D1DB13F2200D08393 /* Debug */,
				C6822D8E1DB13F2200D08393 /* Release */,
			);
			defaultConfigurationIsVisible = 0;
			defaultConfigurationName = Release;
		};
		C6822D8F1DB13F2200D08393 /* Build configuration list for PBXNativeTarget "LibreMonitor" */ = {
			isa = XCConfigurationList;
			buildConfigurations = (
				C6822D901DB13F2200D08393 /* Debug */,
				C6822D911DB13F2200D08393 /* Release */,
			);
			defaultConfigurationIsVisible = 0;
			defaultConfigurationName = Release;
		};
		C6822D921DB13F2200D08393 /* Build configuration list for PBXNativeTarget "LibreMonitorTests" */ = {
			isa = XCConfigurationList;
			buildConfigurations = (
				C6822D931DB13F2200D08393 /* Debug */,
				C6822D941DB13F2200D08393 /* Release */,
			);
			defaultConfigurationIsVisible = 0;
			defaultConfigurationName = Release;
		};
		C6822D951DB13F2200D08393 /* Build configuration list for PBXNativeTarget "LibreMonitorUITests" */ = {
			isa = XCConfigurationList;
			buildConfigurations = (
				C6822D961DB13F2200D08393 /* Debug */,
				C6822D971DB13F2200D08393 /* Release */,
			);
			defaultConfigurationIsVisible = 0;
			defaultConfigurationName = Release;
		};
/* End XCConfigurationList section */

/* Begin XCVersionGroup section */
		C6822D671DB13F2200D08393 /* LibreMonitor.xcdatamodeld */ = {
			isa = XCVersionGroup;
			children = (
				C6822D681DB13F2200D08393 /* LibreMonitor.xcdatamodel */,
			);
			currentVersion = C6822D681DB13F2200D08393 /* LibreMonitor.xcdatamodel */;
			path = LibreMonitor.xcdatamodeld;
			sourceTree = "<group>";
			versionGroupType = wrapper.xcdatamodel;
		};
/* End XCVersionGroup section */
	};
	rootObject = C6822D5A1DB13F2200D08393 /* Project object */;
}
